// !$*UTF8*$!
{
	archiveVersion = 1;
	classes = {
	};
	objectVersion = 52;
	objects = {

/* Begin PBXBuildFile section */
		A90E399E22BC76DB0016DFE8 /* TimeInterval.swift in Sources */ = {isa = PBXBuildFile; fileRef = A90E399D22BC76DB0016DFE8 /* TimeInterval.swift */; };
		A90E39A122BC773A0016DFE8 /* NightscoutUploader.swift in Sources */ = {isa = PBXBuildFile; fileRef = A90E39A022BC773A0016DFE8 /* NightscoutUploader.swift */; };
		A90E39A322BC782C0016DFE8 /* SyncCarbObject.swift in Sources */ = {isa = PBXBuildFile; fileRef = A90E39A222BC782C0016DFE8 /* SyncCarbObject.swift */; };
		A90E39A522BC791E0016DFE8 /* DoseEntry.swift in Sources */ = {isa = PBXBuildFile; fileRef = A90E39A422BC791E0016DFE8 /* DoseEntry.swift */; };
		A90E39A722BC7A360016DFE8 /* HKUnit.swift in Sources */ = {isa = PBXBuildFile; fileRef = A90E39A622BC7A360016DFE8 /* HKUnit.swift */; };
		A90E39A922BC7AD10016DFE8 /* Bundle.swift in Sources */ = {isa = PBXBuildFile; fileRef = A90E39A822BC7AD10016DFE8 /* Bundle.swift */; };
		A91BAC2522BC691A00ABF1BB /* NightscoutServiceKit.framework in Frameworks */ = {isa = PBXBuildFile; fileRef = A91BAC1B22BC691A00ABF1BB /* NightscoutServiceKit.framework */; };
		A91BAC2C22BC691A00ABF1BB /* NightscoutServiceKit.h in Headers */ = {isa = PBXBuildFile; fileRef = A91BAC1E22BC691A00ABF1BB /* NightscoutServiceKit.h */; settings = {ATTRIBUTES = (Public, ); }; };
		A91BAC4A22BC69B500ABF1BB /* NightscoutServiceKitUI.h in Headers */ = {isa = PBXBuildFile; fileRef = A91BAC3C22BC69B500ABF1BB /* NightscoutServiceKitUI.h */; settings = {ATTRIBUTES = (Public, ); }; };
		A91BAC5B22BC6DAC00ABF1BB /* NightscoutServiceKit.framework in Frameworks */ = {isa = PBXBuildFile; fileRef = A91BAC1B22BC691A00ABF1BB /* NightscoutServiceKit.framework */; };
		A9246B2526231B3A00CCDCB3 /* OTPManager.swift in Sources */ = {isa = PBXBuildFile; fileRef = A9246B2426231B3A00CCDCB3 /* OTPManager.swift */; };
		A934B6162358F42A00949C8B /* StoredDosingDecision.swift in Sources */ = {isa = PBXBuildFile; fileRef = A934B6152358F42A00949C8B /* StoredDosingDecision.swift */; };
		A934B6182358F49300949C8B /* StoredSettings.swift in Sources */ = {isa = PBXBuildFile; fileRef = A934B6172358F49300949C8B /* StoredSettings.swift */; };
		A934B61A2358F5FC00949C8B /* TemporaryScheduleOverride.swift in Sources */ = {isa = PBXBuildFile; fileRef = A934B6192358F5FC00949C8B /* TemporaryScheduleOverride.swift */; };
		A94DA7642353CF930082E26D /* StoredGlucoseSample.swift in Sources */ = {isa = PBXBuildFile; fileRef = A94DA7632353CF930082E26D /* StoredGlucoseSample.swift */; };
		A95F887526C694E900D8A009 /* OTPManagerTestCase.swift in Sources */ = {isa = PBXBuildFile; fileRef = A95F887426C694E900D8A009 /* OTPManagerTestCase.swift */; };
		A993990322BC7095005E39D3 /* NightscoutService.swift in Sources */ = {isa = PBXBuildFile; fileRef = A993990222BC7095005E39D3 /* NightscoutService.swift */; };
		A993990522BC70B7005E39D3 /* NightscoutService+UI.swift in Sources */ = {isa = PBXBuildFile; fileRef = A993990422BC70B7005E39D3 /* NightscoutService+UI.swift */; };
		A99C713523396CB100AB9035 /* NightscoutServiceKitPlugin.h in Headers */ = {isa = PBXBuildFile; fileRef = A99C713323396CB100AB9035 /* NightscoutServiceKitPlugin.h */; settings = {ATTRIBUTES = (Public, ); }; };
		A99C714023396D6200AB9035 /* OSLog.swift in Sources */ = {isa = PBXBuildFile; fileRef = A9C62DA32331CAD400535612 /* OSLog.swift */; };
		A99C714223396D8E00AB9035 /* NightscoutServiceKitPlugin.swift in Sources */ = {isa = PBXBuildFile; fileRef = A99C714123396D8E00AB9035 /* NightscoutServiceKitPlugin.swift */; };
		A9B007B322BD6FF7000131DE /* LocalizedString.swift in Sources */ = {isa = PBXBuildFile; fileRef = A9B007B222BD6FF7000131DE /* LocalizedString.swift */; };
		A9B007B422BD6FF7000131DE /* LocalizedString.swift in Sources */ = {isa = PBXBuildFile; fileRef = A9B007B222BD6FF7000131DE /* LocalizedString.swift */; };
		A9B007BD22BD7120000131DE /* Localizable.strings in Resources */ = {isa = PBXBuildFile; fileRef = A9B007BB22BD7120000131DE /* Localizable.strings */; };
		A9B007C022BD7130000131DE /* Localizable.strings in Resources */ = {isa = PBXBuildFile; fileRef = A9B007BE22BD7130000131DE /* Localizable.strings */; };
		A9C62DA42331CAD400535612 /* OSLog.swift in Sources */ = {isa = PBXBuildFile; fileRef = A9C62DA32331CAD400535612 /* OSLog.swift */; };
		A9C62DA52331CAE200535612 /* OSLog.swift in Sources */ = {isa = PBXBuildFile; fileRef = A9C62DA32331CAD400535612 /* OSLog.swift */; };
		A9C778BB25BD193900CC680D /* Bundle.swift in Sources */ = {isa = PBXBuildFile; fileRef = A90E39A822BC7AD10016DFE8 /* Bundle.swift */; };
		A9C778BC25BD193900CC680D /* Bundle.swift in Sources */ = {isa = PBXBuildFile; fileRef = A90E39A822BC7AD10016DFE8 /* Bundle.swift */; };
		A9E2DA98262351F900AB8C89 /* OTPSelectionView.swift in Sources */ = {isa = PBXBuildFile; fileRef = A9E2DA97262351F900AB8C89 /* OTPSelectionView.swift */; };
		A9E4153622BC89A300168E14 /* NibLoadable.swift in Sources */ = {isa = PBXBuildFile; fileRef = A9E4153522BC89A300168E14 /* NibLoadable.swift */; };
		A9E4153822BC89B600168E14 /* IdentifiableClass.swift in Sources */ = {isa = PBXBuildFile; fileRef = A9E4153722BC89B600168E14 /* IdentifiableClass.swift */; };
		A9E4153B22BC8A3800168E14 /* UIColor.swift in Sources */ = {isa = PBXBuildFile; fileRef = A9E4153A22BC8A3800168E14 /* UIColor.swift */; };
		A9F9ADED263F0F71005C6C48 /* OTPViewModel.swift in Sources */ = {isa = PBXBuildFile; fileRef = A9F9ADEC263F0F71005C6C48 /* OTPViewModel.swift */; };
		C102014D2526C1BA003B6FB7 /* ServiceStatusViewModel.swift in Sources */ = {isa = PBXBuildFile; fileRef = C102014C2526C1BA003B6FB7 /* ServiceStatusViewModel.swift */; };
		C10201552526D3E8003B6FB7 /* NightscoutService+ServiceStatusViewModelDelegate.swift in Sources */ = {isa = PBXBuildFile; fileRef = C10201542526D3E8003B6FB7 /* NightscoutService+ServiceStatusViewModelDelegate.swift */; };
		C1398D2027C41E3D00416AD6 /* ProfileSet.swift in Sources */ = {isa = PBXBuildFile; fileRef = C1398D1F27C41E3D00416AD6 /* ProfileSet.swift */; };
		C1398D2227C434FB00416AD6 /* Data.swift in Sources */ = {isa = PBXBuildFile; fileRef = C1398D2127C434FB00416AD6 /* Data.swift */; };
		C1B9ACF827DE987400857532 /* OneTimePassword in Frameworks */ = {isa = PBXBuildFile; productRef = C1B9ACF727DE987400857532 /* OneTimePassword */; };
		C1C1349627DD35060097B5AD /* LoopKit.framework in Frameworks */ = {isa = PBXBuildFile; fileRef = C1C1349527DD35060097B5AD /* LoopKit.framework */; };
		C1C1349827DD35260097B5AD /* LoopKitUI.framework in Frameworks */ = {isa = PBXBuildFile; fileRef = C1C1349727DD35260097B5AD /* LoopKitUI.framework */; };
		C1C1349D27DD38000097B5AD /* NightscoutServiceKitUI.framework in Frameworks */ = {isa = PBXBuildFile; fileRef = A91BAC3A22BC69B500ABF1BB /* NightscoutServiceKitUI.framework */; };
		C1C1349E27DD38000097B5AD /* NightscoutServiceKitUI.framework in Embed Frameworks */ = {isa = PBXBuildFile; fileRef = A91BAC3A22BC69B500ABF1BB /* NightscoutServiceKitUI.framework */; settings = {ATTRIBUTES = (CodeSignOnCopy, RemoveHeadersOnCopy, ); }; };
		C1CEBFF429BCC104007FD8A3 /* NightscoutKit in Frameworks */ = {isa = PBXBuildFile; productRef = C1CEBFF329BCC104007FD8A3 /* NightscoutKit */; };
		C1E703642506BE9400DAB534 /* ObjectIdCache.swift in Sources */ = {isa = PBXBuildFile; fileRef = C1E703632506BE9400DAB534 /* ObjectIdCache.swift */; };
		C1E7036625070A0E00DAB534 /* Assets.xcassets in Resources */ = {isa = PBXBuildFile; fileRef = C1E7036525070A0E00DAB534 /* Assets.xcassets */; };
		C1E7036C25070D3200DAB534 /* ServiceUICoordinator.swift in Sources */ = {isa = PBXBuildFile; fileRef = C1E7036B25070D3200DAB534 /* ServiceUICoordinator.swift */; };
		C1E7038C2507117900DAB534 /* CredentialsView.swift in Sources */ = {isa = PBXBuildFile; fileRef = C1E7038B2507117900DAB534 /* CredentialsView.swift */; };
		C1E7038E2507131400DAB534 /* CredentialsViewModel.swift in Sources */ = {isa = PBXBuildFile; fileRef = C1E7038D2507131400DAB534 /* CredentialsViewModel.swift */; };
		C1E703932507193400DAB534 /* Image.swift in Sources */ = {isa = PBXBuildFile; fileRef = C1E703922507193400DAB534 /* Image.swift */; };
		C1E70395250725AA00DAB534 /* KeyboardObserver.swift in Sources */ = {isa = PBXBuildFile; fileRef = C1E70394250725AA00DAB534 /* KeyboardObserver.swift */; };
		C1EBB08A252596EA000D9680 /* ServiceStatusView.swift in Sources */ = {isa = PBXBuildFile; fileRef = C1EBB089252596EA000D9680 /* ServiceStatusView.swift */; };
		C1F7822827CD57A100C0919A /* OverrideTreament.swift in Sources */ = {isa = PBXBuildFile; fileRef = C1F7822727CD57A100C0919A /* OverrideTreament.swift */; };
/* End PBXBuildFile section */

/* Begin PBXContainerItemProxy section */
		A91BAC2622BC691A00ABF1BB /* PBXContainerItemProxy */ = {
			isa = PBXContainerItemProxy;
			containerPortal = A91BAC1222BC691A00ABF1BB /* Project object */;
			proxyType = 1;
			remoteGlobalIDString = A91BAC1A22BC691A00ABF1BB;
			remoteInfo = NightscoutService;
		};
		A91BAC5122BC69BB00ABF1BB /* PBXContainerItemProxy */ = {
			isa = PBXContainerItemProxy;
			containerPortal = A91BAC1222BC691A00ABF1BB /* Project object */;
			proxyType = 1;
			remoteGlobalIDString = A91BAC1A22BC691A00ABF1BB;
			remoteInfo = NightscoutServiceKit;
		};
		A99C713923396CF600AB9035 /* PBXContainerItemProxy */ = {
			isa = PBXContainerItemProxy;
			containerPortal = A91BAC1222BC691A00ABF1BB /* Project object */;
			proxyType = 1;
			remoteGlobalIDString = A91BAC1A22BC691A00ABF1BB;
			remoteInfo = NightscoutServiceKit;
		};
		A99C713B23396CF600AB9035 /* PBXContainerItemProxy */ = {
			isa = PBXContainerItemProxy;
			containerPortal = A91BAC1222BC691A00ABF1BB /* Project object */;
			proxyType = 1;
			remoteGlobalIDString = A91BAC3922BC69B500ABF1BB;
			remoteInfo = NightscoutServiceKitUI;
		};
		C1C1349F27DD38000097B5AD /* PBXContainerItemProxy */ = {
			isa = PBXContainerItemProxy;
			containerPortal = A91BAC1222BC691A00ABF1BB /* Project object */;
			proxyType = 1;
			remoteGlobalIDString = A91BAC3922BC69B500ABF1BB;
			remoteInfo = NightscoutServiceKitUI;
		};
/* End PBXContainerItemProxy section */

/* Begin PBXCopyFilesBuildPhase section */
		C1C134A127DD38000097B5AD /* Embed Frameworks */ = {
			isa = PBXCopyFilesBuildPhase;
			buildActionMask = 2147483647;
			dstPath = "";
			dstSubfolderSpec = 10;
			files = (
				C1C1349E27DD38000097B5AD /* NightscoutServiceKitUI.framework in Embed Frameworks */,
			);
			name = "Embed Frameworks";
			runOnlyForDeploymentPostprocessing = 0;
		};
/* End PBXCopyFilesBuildPhase section */

/* Begin PBXFileReference section */
		A90E399D22BC76DB0016DFE8 /* TimeInterval.swift */ = {isa = PBXFileReference; lastKnownFileType = sourcecode.swift; path = TimeInterval.swift; sourceTree = "<group>"; };
		A90E39A022BC773A0016DFE8 /* NightscoutUploader.swift */ = {isa = PBXFileReference; lastKnownFileType = sourcecode.swift; path = NightscoutUploader.swift; sourceTree = "<group>"; };
		A90E39A222BC782C0016DFE8 /* SyncCarbObject.swift */ = {isa = PBXFileReference; lastKnownFileType = sourcecode.swift; path = SyncCarbObject.swift; sourceTree = "<group>"; };
		A90E39A422BC791E0016DFE8 /* DoseEntry.swift */ = {isa = PBXFileReference; lastKnownFileType = sourcecode.swift; path = DoseEntry.swift; sourceTree = "<group>"; };
		A90E39A622BC7A360016DFE8 /* HKUnit.swift */ = {isa = PBXFileReference; lastKnownFileType = sourcecode.swift; path = HKUnit.swift; sourceTree = "<group>"; };
		A90E39A822BC7AD10016DFE8 /* Bundle.swift */ = {isa = PBXFileReference; lastKnownFileType = sourcecode.swift; path = Bundle.swift; sourceTree = "<group>"; };
		A91BAC1B22BC691A00ABF1BB /* NightscoutServiceKit.framework */ = {isa = PBXFileReference; explicitFileType = wrapper.framework; includeInIndex = 0; path = NightscoutServiceKit.framework; sourceTree = BUILT_PRODUCTS_DIR; };
		A91BAC1E22BC691A00ABF1BB /* NightscoutServiceKit.h */ = {isa = PBXFileReference; lastKnownFileType = sourcecode.c.h; path = NightscoutServiceKit.h; sourceTree = "<group>"; };
		A91BAC1F22BC691A00ABF1BB /* Info.plist */ = {isa = PBXFileReference; lastKnownFileType = text.plist.xml; path = Info.plist; sourceTree = "<group>"; };
		A91BAC2422BC691A00ABF1BB /* NightscoutServiceKitTests.xctest */ = {isa = PBXFileReference; explicitFileType = wrapper.cfbundle; includeInIndex = 0; path = NightscoutServiceKitTests.xctest; sourceTree = BUILT_PRODUCTS_DIR; };
		A91BAC2B22BC691A00ABF1BB /* Info.plist */ = {isa = PBXFileReference; lastKnownFileType = text.plist.xml; path = Info.plist; sourceTree = "<group>"; };
		A91BAC3A22BC69B500ABF1BB /* NightscoutServiceKitUI.framework */ = {isa = PBXFileReference; explicitFileType = wrapper.framework; includeInIndex = 0; path = NightscoutServiceKitUI.framework; sourceTree = BUILT_PRODUCTS_DIR; };
		A91BAC3C22BC69B500ABF1BB /* NightscoutServiceKitUI.h */ = {isa = PBXFileReference; lastKnownFileType = sourcecode.c.h; path = NightscoutServiceKitUI.h; sourceTree = "<group>"; };
		A91BAC3D22BC69B500ABF1BB /* Info.plist */ = {isa = PBXFileReference; lastKnownFileType = text.plist.xml; path = Info.plist; sourceTree = "<group>"; };
		A9246B2426231B3A00CCDCB3 /* OTPManager.swift */ = {isa = PBXFileReference; lastKnownFileType = sourcecode.swift; path = OTPManager.swift; sourceTree = "<group>"; };
		A934B6152358F42A00949C8B /* StoredDosingDecision.swift */ = {isa = PBXFileReference; lastKnownFileType = sourcecode.swift; path = StoredDosingDecision.swift; sourceTree = "<group>"; };
		A934B6172358F49300949C8B /* StoredSettings.swift */ = {isa = PBXFileReference; lastKnownFileType = sourcecode.swift; path = StoredSettings.swift; sourceTree = "<group>"; };
		A934B6192358F5FC00949C8B /* TemporaryScheduleOverride.swift */ = {isa = PBXFileReference; lastKnownFileType = sourcecode.swift; path = TemporaryScheduleOverride.swift; sourceTree = "<group>"; };
		A94DA7632353CF930082E26D /* StoredGlucoseSample.swift */ = {isa = PBXFileReference; lastKnownFileType = sourcecode.swift; path = StoredGlucoseSample.swift; sourceTree = "<group>"; };
		A95F887326C694E800D8A009 /* NightscoutServiceKitTests-Bridging-Header.h */ = {isa = PBXFileReference; lastKnownFileType = sourcecode.c.h; path = "NightscoutServiceKitTests-Bridging-Header.h"; sourceTree = "<group>"; };
		A95F887426C694E900D8A009 /* OTPManagerTestCase.swift */ = {isa = PBXFileReference; lastKnownFileType = sourcecode.swift; path = OTPManagerTestCase.swift; sourceTree = "<group>"; };
		A993990222BC7095005E39D3 /* NightscoutService.swift */ = {isa = PBXFileReference; lastKnownFileType = sourcecode.swift; path = NightscoutService.swift; sourceTree = "<group>"; };
		A993990422BC70B7005E39D3 /* NightscoutService+UI.swift */ = {isa = PBXFileReference; lastKnownFileType = sourcecode.swift; path = "NightscoutService+UI.swift"; sourceTree = "<group>"; };
		A99C713123396CB100AB9035 /* NightscoutServiceKitPlugin.loopplugin */ = {isa = PBXFileReference; explicitFileType = wrapper.framework; includeInIndex = 0; path = NightscoutServiceKitPlugin.loopplugin; sourceTree = BUILT_PRODUCTS_DIR; };
		A99C713323396CB100AB9035 /* NightscoutServiceKitPlugin.h */ = {isa = PBXFileReference; lastKnownFileType = sourcecode.c.h; path = NightscoutServiceKitPlugin.h; sourceTree = "<group>"; };
		A99C713423396CB100AB9035 /* Info.plist */ = {isa = PBXFileReference; lastKnownFileType = text.plist.xml; path = Info.plist; sourceTree = "<group>"; };
		A99C714123396D8E00AB9035 /* NightscoutServiceKitPlugin.swift */ = {isa = PBXFileReference; lastKnownFileType = sourcecode.swift; path = NightscoutServiceKitPlugin.swift; sourceTree = "<group>"; };
		A9B007B222BD6FF7000131DE /* LocalizedString.swift */ = {isa = PBXFileReference; lastKnownFileType = sourcecode.swift; path = LocalizedString.swift; sourceTree = "<group>"; };
		A9B007BC22BD7120000131DE /* Base */ = {isa = PBXFileReference; lastKnownFileType = text.plist.strings; name = Base; path = Base.lproj/Localizable.strings; sourceTree = "<group>"; };
		A9B007BF22BD7130000131DE /* Base */ = {isa = PBXFileReference; lastKnownFileType = text.plist.strings; name = Base; path = Base.lproj/Localizable.strings; sourceTree = "<group>"; };
		A9B007D622BD716A000131DE /* zh-Hans */ = {isa = PBXFileReference; lastKnownFileType = text.plist.strings; name = "zh-Hans"; path = "zh-Hans.lproj/Localizable.strings"; sourceTree = "<group>"; };
		A9B007D722BD716B000131DE /* nl */ = {isa = PBXFileReference; lastKnownFileType = text.plist.strings; name = nl; path = nl.lproj/Localizable.strings; sourceTree = "<group>"; };
		A9B007D822BD716C000131DE /* fr */ = {isa = PBXFileReference; lastKnownFileType = text.plist.strings; name = fr; path = fr.lproj/Localizable.strings; sourceTree = "<group>"; };
		A9B007D922BD716D000131DE /* de */ = {isa = PBXFileReference; lastKnownFileType = text.plist.strings; name = de; path = de.lproj/Localizable.strings; sourceTree = "<group>"; };
		A9B007DA22BD716E000131DE /* it */ = {isa = PBXFileReference; lastKnownFileType = text.plist.strings; name = it; path = it.lproj/Localizable.strings; sourceTree = "<group>"; };
		A9B007DB22BD716F000131DE /* nb */ = {isa = PBXFileReference; lastKnownFileType = text.plist.strings; name = nb; path = nb.lproj/Localizable.strings; sourceTree = "<group>"; };
		A9B007DC22BD7170000131DE /* pl */ = {isa = PBXFileReference; lastKnownFileType = text.plist.strings; name = pl; path = pl.lproj/Localizable.strings; sourceTree = "<group>"; };
		A9B007DD22BD7171000131DE /* ru */ = {isa = PBXFileReference; lastKnownFileType = text.plist.strings; name = ru; path = ru.lproj/Localizable.strings; sourceTree = "<group>"; };
		A9B007DE22BD7171000131DE /* es */ = {isa = PBXFileReference; lastKnownFileType = text.plist.strings; name = es; path = es.lproj/Localizable.strings; sourceTree = "<group>"; };
		A9B007E022BD7176000131DE /* zh-Hans */ = {isa = PBXFileReference; lastKnownFileType = text.plist.strings; name = "zh-Hans"; path = "zh-Hans.lproj/Localizable.strings"; sourceTree = "<group>"; };
		A9B007E122BD7177000131DE /* nl */ = {isa = PBXFileReference; lastKnownFileType = text.plist.strings; name = nl; path = nl.lproj/Localizable.strings; sourceTree = "<group>"; };
		A9B007E222BD7179000131DE /* fr */ = {isa = PBXFileReference; lastKnownFileType = text.plist.strings; name = fr; path = fr.lproj/Localizable.strings; sourceTree = "<group>"; };
		A9B007E322BD717A000131DE /* de */ = {isa = PBXFileReference; lastKnownFileType = text.plist.strings; name = de; path = de.lproj/Localizable.strings; sourceTree = "<group>"; };
		A9B007E422BD717B000131DE /* it */ = {isa = PBXFileReference; lastKnownFileType = text.plist.strings; name = it; path = it.lproj/Localizable.strings; sourceTree = "<group>"; };
		A9B007E522BD717C000131DE /* nb */ = {isa = PBXFileReference; lastKnownFileType = text.plist.strings; name = nb; path = nb.lproj/Localizable.strings; sourceTree = "<group>"; };
		A9B007E622BD717D000131DE /* pl */ = {isa = PBXFileReference; lastKnownFileType = text.plist.strings; name = pl; path = pl.lproj/Localizable.strings; sourceTree = "<group>"; };
		A9B007E722BD717E000131DE /* ru */ = {isa = PBXFileReference; lastKnownFileType = text.plist.strings; name = ru; path = ru.lproj/Localizable.strings; sourceTree = "<group>"; };
		A9B007E822BD717F000131DE /* es */ = {isa = PBXFileReference; lastKnownFileType = text.plist.strings; name = es; path = es.lproj/Localizable.strings; sourceTree = "<group>"; };
		A9C62DA32331CAD400535612 /* OSLog.swift */ = {isa = PBXFileReference; lastKnownFileType = sourcecode.swift; path = OSLog.swift; sourceTree = "<group>"; };
		A9E2DA97262351F900AB8C89 /* OTPSelectionView.swift */ = {isa = PBXFileReference; lastKnownFileType = sourcecode.swift; path = OTPSelectionView.swift; sourceTree = "<group>"; };
		A9E4153522BC89A300168E14 /* NibLoadable.swift */ = {isa = PBXFileReference; lastKnownFileType = sourcecode.swift; path = NibLoadable.swift; sourceTree = "<group>"; };
		A9E4153722BC89B600168E14 /* IdentifiableClass.swift */ = {isa = PBXFileReference; lastKnownFileType = sourcecode.swift; path = IdentifiableClass.swift; sourceTree = "<group>"; };
		A9E4153A22BC8A3800168E14 /* UIColor.swift */ = {isa = PBXFileReference; lastKnownFileType = sourcecode.swift; path = UIColor.swift; sourceTree = "<group>"; };
		A9F9ADEC263F0F71005C6C48 /* OTPViewModel.swift */ = {isa = PBXFileReference; lastKnownFileType = sourcecode.swift; path = OTPViewModel.swift; sourceTree = "<group>"; };
		C102014C2526C1BA003B6FB7 /* ServiceStatusViewModel.swift */ = {isa = PBXFileReference; lastKnownFileType = sourcecode.swift; path = ServiceStatusViewModel.swift; sourceTree = "<group>"; };
		C10201542526D3E8003B6FB7 /* NightscoutService+ServiceStatusViewModelDelegate.swift */ = {isa = PBXFileReference; lastKnownFileType = sourcecode.swift; path = "NightscoutService+ServiceStatusViewModelDelegate.swift"; sourceTree = "<group>"; };
		C121D8D629C7866D00DA0520 /* cs */ = {isa = PBXFileReference; lastKnownFileType = text.plist.strings; name = cs; path = cs.lproj/Localizable.strings; sourceTree = "<group>"; };
		C121D8D729C7866D00DA0520 /* cs */ = {isa = PBXFileReference; lastKnownFileType = text.plist.strings; name = cs; path = cs.lproj/Localizable.strings; sourceTree = "<group>"; };
		C130B6F727DD4CD000173048 /* NightscoutUploadKit.framework */ = {isa = PBXFileReference; explicitFileType = wrapper.framework; path = NightscoutUploadKit.framework; sourceTree = BUILT_PRODUCTS_DIR; };
		C1398D1F27C41E3D00416AD6 /* ProfileSet.swift */ = {isa = PBXFileReference; lastKnownFileType = sourcecode.swift; path = ProfileSet.swift; sourceTree = "<group>"; };
		C1398D2127C434FB00416AD6 /* Data.swift */ = {isa = PBXFileReference; lastKnownFileType = sourcecode.swift; path = Data.swift; sourceTree = "<group>"; };
		C15A582E29C7866600D3A5A1 /* ar */ = {isa = PBXFileReference; lastKnownFileType = text.plist.strings; name = ar; path = ar.lproj/Localizable.strings; sourceTree = "<group>"; };
		C15A582F29C7866600D3A5A1 /* ar */ = {isa = PBXFileReference; lastKnownFileType = text.plist.strings; name = ar; path = ar.lproj/Localizable.strings; sourceTree = "<group>"; };
		C1B9ACFF27DE9AD800857532 /* Crypto.framework */ = {isa = PBXFileReference; lastKnownFileType = wrapper.framework; path = Crypto.framework; sourceTree = BUILT_PRODUCTS_DIR; };
		C1C1349527DD35060097B5AD /* LoopKit.framework */ = {isa = PBXFileReference; explicitFileType = wrapper.framework; path = LoopKit.framework; sourceTree = BUILT_PRODUCTS_DIR; };
		C1C1349727DD35260097B5AD /* LoopKitUI.framework */ = {isa = PBXFileReference; explicitFileType = wrapper.framework; path = LoopKitUI.framework; sourceTree = BUILT_PRODUCTS_DIR; };
		C1E703632506BE9400DAB534 /* ObjectIdCache.swift */ = {isa = PBXFileReference; lastKnownFileType = sourcecode.swift; path = ObjectIdCache.swift; sourceTree = "<group>"; };
		C1E7036525070A0E00DAB534 /* Assets.xcassets */ = {isa = PBXFileReference; lastKnownFileType = folder.assetcatalog; path = Assets.xcassets; sourceTree = "<group>"; };
		C1E7036B25070D3200DAB534 /* ServiceUICoordinator.swift */ = {isa = PBXFileReference; fileEncoding = 4; lastKnownFileType = sourcecode.swift; path = ServiceUICoordinator.swift; sourceTree = "<group>"; };
		C1E7038B2507117900DAB534 /* CredentialsView.swift */ = {isa = PBXFileReference; lastKnownFileType = sourcecode.swift; path = CredentialsView.swift; sourceTree = "<group>"; };
		C1E7038D2507131400DAB534 /* CredentialsViewModel.swift */ = {isa = PBXFileReference; lastKnownFileType = sourcecode.swift; path = CredentialsViewModel.swift; sourceTree = "<group>"; };
		C1E703922507193400DAB534 /* Image.swift */ = {isa = PBXFileReference; fileEncoding = 4; lastKnownFileType = sourcecode.swift; path = Image.swift; sourceTree = "<group>"; };
		C1E70394250725AA00DAB534 /* KeyboardObserver.swift */ = {isa = PBXFileReference; fileEncoding = 4; lastKnownFileType = sourcecode.swift; path = KeyboardObserver.swift; sourceTree = "<group>"; };
		C1EBB089252596EA000D9680 /* ServiceStatusView.swift */ = {isa = PBXFileReference; lastKnownFileType = sourcecode.swift; path = ServiceStatusView.swift; sourceTree = "<group>"; };
		C1F7822727CD57A100C0919A /* OverrideTreament.swift */ = {isa = PBXFileReference; lastKnownFileType = sourcecode.swift; path = OverrideTreament.swift; sourceTree = "<group>"; };
		C1FAB5C629C786B000D25073 /* hi */ = {isa = PBXFileReference; lastKnownFileType = text.plist.strings; name = hi; path = hi.lproj/Localizable.strings; sourceTree = "<group>"; };
		C1FDCC0E29C786F90056E652 /* sk */ = {isa = PBXFileReference; lastKnownFileType = text.plist.strings; name = sk; path = sk.lproj/Localizable.strings; sourceTree = "<group>"; };
		C1FDCC0F29C786F90056E652 /* sk */ = {isa = PBXFileReference; lastKnownFileType = text.plist.strings; name = sk; path = sk.lproj/Localizable.strings; sourceTree = "<group>"; };
		F5D9BFF627DAB4BF002E48F6 /* da */ = {isa = PBXFileReference; lastKnownFileType = text.plist.strings; name = da; path = da.lproj/Localizable.strings; sourceTree = "<group>"; };
		F5D9BFF727DAB4BF002E48F6 /* da */ = {isa = PBXFileReference; lastKnownFileType = text.plist.strings; name = da; path = da.lproj/Localizable.strings; sourceTree = "<group>"; };
		F5D9BFF827DAB509002E48F6 /* fi */ = {isa = PBXFileReference; lastKnownFileType = text.plist.strings; name = fi; path = fi.lproj/Localizable.strings; sourceTree = "<group>"; };
		F5D9BFF927DAB509002E48F6 /* fi */ = {isa = PBXFileReference; lastKnownFileType = text.plist.strings; name = fi; path = fi.lproj/Localizable.strings; sourceTree = "<group>"; };
		F5D9BFFA27DAB517002E48F6 /* ja */ = {isa = PBXFileReference; lastKnownFileType = text.plist.strings; name = ja; path = ja.lproj/Localizable.strings; sourceTree = "<group>"; };
		F5D9BFFB27DAB517002E48F6 /* ja */ = {isa = PBXFileReference; lastKnownFileType = text.plist.strings; name = ja; path = ja.lproj/Localizable.strings; sourceTree = "<group>"; };
		F5D9BFFC27DAB525002E48F6 /* pt-BR */ = {isa = PBXFileReference; lastKnownFileType = text.plist.strings; name = "pt-BR"; path = "pt-BR.lproj/Localizable.strings"; sourceTree = "<group>"; };
		F5D9BFFD27DAB525002E48F6 /* pt-BR */ = {isa = PBXFileReference; lastKnownFileType = text.plist.strings; name = "pt-BR"; path = "pt-BR.lproj/Localizable.strings"; sourceTree = "<group>"; };
		F5D9BFFE27DAB533002E48F6 /* ro */ = {isa = PBXFileReference; lastKnownFileType = text.plist.strings; name = ro; path = ro.lproj/Localizable.strings; sourceTree = "<group>"; };
		F5D9BFFF27DAB533002E48F6 /* ro */ = {isa = PBXFileReference; lastKnownFileType = text.plist.strings; name = ro; path = ro.lproj/Localizable.strings; sourceTree = "<group>"; };
		F5D9C00027DAB53F002E48F6 /* sv */ = {isa = PBXFileReference; lastKnownFileType = text.plist.strings; name = sv; path = sv.lproj/Localizable.strings; sourceTree = "<group>"; };
		F5D9C00127DAB540002E48F6 /* sv */ = {isa = PBXFileReference; lastKnownFileType = text.plist.strings; name = sv; path = sv.lproj/Localizable.strings; sourceTree = "<group>"; };
		F5D9C00227DAB549002E48F6 /* vi */ = {isa = PBXFileReference; lastKnownFileType = text.plist.strings; name = vi; path = vi.lproj/Localizable.strings; sourceTree = "<group>"; };
		F5D9C00327DAB549002E48F6 /* vi */ = {isa = PBXFileReference; lastKnownFileType = text.plist.strings; name = vi; path = vi.lproj/Localizable.strings; sourceTree = "<group>"; };
		F5D9C00427DAB551002E48F6 /* tr */ = {isa = PBXFileReference; lastKnownFileType = text.plist.strings; name = tr; path = tr.lproj/Localizable.strings; sourceTree = "<group>"; };
		F5D9C00527DAB551002E48F6 /* tr */ = {isa = PBXFileReference; lastKnownFileType = text.plist.strings; name = tr; path = tr.lproj/Localizable.strings; sourceTree = "<group>"; };
		F5E0BE2027E1DE720033557E /* he */ = {isa = PBXFileReference; lastKnownFileType = text.plist.strings; name = he; path = he.lproj/Localizable.strings; sourceTree = "<group>"; };
		F5E0BE2127E1DE720033557E /* he */ = {isa = PBXFileReference; lastKnownFileType = text.plist.strings; name = he; path = he.lproj/Localizable.strings; sourceTree = "<group>"; };
/* End PBXFileReference section */

/* Begin PBXFrameworksBuildPhase section */
		A91BAC1822BC691A00ABF1BB /* Frameworks */ = {
			isa = PBXFrameworksBuildPhase;
			buildActionMask = 2147483647;
			files = (
				C1C1349827DD35260097B5AD /* LoopKitUI.framework in Frameworks */,
				C1C1349627DD35060097B5AD /* LoopKit.framework in Frameworks */,
				C1CEBFF429BCC104007FD8A3 /* NightscoutKit in Frameworks */,
				C1B9ACF827DE987400857532 /* OneTimePassword in Frameworks */,
			);
			runOnlyForDeploymentPostprocessing = 0;
		};
		A91BAC2122BC691A00ABF1BB /* Frameworks */ = {
			isa = PBXFrameworksBuildPhase;
			buildActionMask = 2147483647;
			files = (
				A91BAC2522BC691A00ABF1BB /* NightscoutServiceKit.framework in Frameworks */,
			);
			runOnlyForDeploymentPostprocessing = 0;
		};
		A91BAC3722BC69B500ABF1BB /* Frameworks */ = {
			isa = PBXFrameworksBuildPhase;
			buildActionMask = 2147483647;
			files = (
				A91BAC5B22BC6DAC00ABF1BB /* NightscoutServiceKit.framework in Frameworks */,
			);
			runOnlyForDeploymentPostprocessing = 0;
		};
		A99C712E23396CB100AB9035 /* Frameworks */ = {
			isa = PBXFrameworksBuildPhase;
			buildActionMask = 2147483647;
			files = (
				C1C1349D27DD38000097B5AD /* NightscoutServiceKitUI.framework in Frameworks */,
			);
			runOnlyForDeploymentPostprocessing = 0;
		};
/* End PBXFrameworksBuildPhase section */

/* Begin PBXGroup section */
		A90E399F22BC77220016DFE8 /* Extensions */ = {
			isa = PBXGroup;
			children = (
				A90E39A422BC791E0016DFE8 /* DoseEntry.swift */,
				A90E39A622BC7A360016DFE8 /* HKUnit.swift */,
				A90E39A022BC773A0016DFE8 /* NightscoutUploader.swift */,
				A934B6152358F42A00949C8B /* StoredDosingDecision.swift */,
				A94DA7632353CF930082E26D /* StoredGlucoseSample.swift */,
				A934B6172358F49300949C8B /* StoredSettings.swift */,
				A90E39A222BC782C0016DFE8 /* SyncCarbObject.swift */,
				A934B6192358F5FC00949C8B /* TemporaryScheduleOverride.swift */,
				A90E399D22BC76DB0016DFE8 /* TimeInterval.swift */,
				C1398D1F27C41E3D00416AD6 /* ProfileSet.swift */,
				C1F7822727CD57A100C0919A /* OverrideTreament.swift */,
			);
			path = Extensions;
			sourceTree = "<group>";
		};
		A91BAC1122BC691A00ABF1BB = {
			isa = PBXGroup;
			children = (
				A9B007AE22BD6FD0000131DE /* Common */,
				A9C62DA22331CAC200535612 /* Extensions */,
				A91BAC1D22BC691A00ABF1BB /* NightscoutServiceKit */,
				A91BAC2822BC691A00ABF1BB /* NightscoutServiceKitTests */,
				A91BAC3B22BC69B500ABF1BB /* NightscoutServiceKitUI */,
				A99C713223396CB100AB9035 /* NightscoutServiceKitPlugin */,
				A91BAC1C22BC691A00ABF1BB /* Products */,
				A91BAC5522BC6D9900ABF1BB /* Frameworks */,
			);
			sourceTree = "<group>";
		};
		A91BAC1C22BC691A00ABF1BB /* Products */ = {
			isa = PBXGroup;
			children = (
				A91BAC1B22BC691A00ABF1BB /* NightscoutServiceKit.framework */,
				A91BAC2422BC691A00ABF1BB /* NightscoutServiceKitTests.xctest */,
				A91BAC3A22BC69B500ABF1BB /* NightscoutServiceKitUI.framework */,
				A99C713123396CB100AB9035 /* NightscoutServiceKitPlugin.loopplugin */,
			);
			name = Products;
			sourceTree = "<group>";
		};
		A91BAC1D22BC691A00ABF1BB /* NightscoutServiceKit */ = {
			isa = PBXGroup;
			children = (
				A91BAC1E22BC691A00ABF1BB /* NightscoutServiceKit.h */,
				A9246B2426231B3A00CCDCB3 /* OTPManager.swift */,
				A91BAC1F22BC691A00ABF1BB /* Info.plist */,
				A993990222BC7095005E39D3 /* NightscoutService.swift */,
				C1E703632506BE9400DAB534 /* ObjectIdCache.swift */,
				A90E399F22BC77220016DFE8 /* Extensions */,
				A9B007BB22BD7120000131DE /* Localizable.strings */,
			);
			path = NightscoutServiceKit;
			sourceTree = "<group>";
		};
		A91BAC2822BC691A00ABF1BB /* NightscoutServiceKitTests */ = {
			isa = PBXGroup;
			children = (
				A91BAC2B22BC691A00ABF1BB /* Info.plist */,
				A95F887426C694E900D8A009 /* OTPManagerTestCase.swift */,
				A95F887326C694E800D8A009 /* NightscoutServiceKitTests-Bridging-Header.h */,
			);
			path = NightscoutServiceKitTests;
			sourceTree = "<group>";
		};
		A91BAC3B22BC69B500ABF1BB /* NightscoutServiceKitUI */ = {
			isa = PBXGroup;
			children = (
				A91BAC3C22BC69B500ABF1BB /* NightscoutServiceKitUI.h */,
				A91BAC3D22BC69B500ABF1BB /* Info.plist */,
				A993990422BC70B7005E39D3 /* NightscoutService+UI.swift */,
				C1E7036525070A0E00DAB534 /* Assets.xcassets */,
				A9E4153922BC8A2C00168E14 /* Extensions */,
				A9B007BE22BD7130000131DE /* Localizable.strings */,
				C1E703912507179C00DAB534 /* Models */,
				C1E703902507178E00DAB534 /* ViewControllers */,
				C1E7038F2507178300DAB534 /* Views */,
			);
			path = NightscoutServiceKitUI;
			sourceTree = "<group>";
		};
		A91BAC5522BC6D9900ABF1BB /* Frameworks */ = {
			isa = PBXGroup;
			children = (
				C1B9ACFF27DE9AD800857532 /* Crypto.framework */,
				C130B6F727DD4CD000173048 /* NightscoutUploadKit.framework */,
				C1C1349727DD35260097B5AD /* LoopKitUI.framework */,
				C1C1349527DD35060097B5AD /* LoopKit.framework */,
			);
			name = Frameworks;
			sourceTree = "<group>";
		};
		A99C713223396CB100AB9035 /* NightscoutServiceKitPlugin */ = {
			isa = PBXGroup;
			children = (
				A99C713323396CB100AB9035 /* NightscoutServiceKitPlugin.h */,
				A99C713423396CB100AB9035 /* Info.plist */,
				A99C714123396D8E00AB9035 /* NightscoutServiceKitPlugin.swift */,
			);
			path = NightscoutServiceKitPlugin;
			sourceTree = "<group>";
		};
		A9B007AE22BD6FD0000131DE /* Common */ = {
			isa = PBXGroup;
			children = (
				A9B007B222BD6FF7000131DE /* LocalizedString.swift */,
			);
			path = Common;
			sourceTree = "<group>";
		};
		A9C62DA22331CAC200535612 /* Extensions */ = {
			isa = PBXGroup;
			children = (
				A90E39A822BC7AD10016DFE8 /* Bundle.swift */,
				A9C62DA32331CAD400535612 /* OSLog.swift */,
				C1398D2127C434FB00416AD6 /* Data.swift */,
			);
			path = Extensions;
			sourceTree = "<group>";
		};
		A9E4153922BC8A2C00168E14 /* Extensions */ = {
			isa = PBXGroup;
			children = (
				A9E4153722BC89B600168E14 /* IdentifiableClass.swift */,
				C1E703922507193400DAB534 /* Image.swift */,
				A9E4153522BC89A300168E14 /* NibLoadable.swift */,
				C10201542526D3E8003B6FB7 /* NightscoutService+ServiceStatusViewModelDelegate.swift */,
				A9E4153A22BC8A3800168E14 /* UIColor.swift */,
			);
			path = Extensions;
			sourceTree = "<group>";
		};
		C1E7038F2507178300DAB534 /* Views */ = {
			isa = PBXGroup;
			children = (
				C1E7038B2507117900DAB534 /* CredentialsView.swift */,
				C1EBB089252596EA000D9680 /* ServiceStatusView.swift */,
				A9E2DA97262351F900AB8C89 /* OTPSelectionView.swift */,
			);
			path = Views;
			sourceTree = "<group>";
		};
		C1E703902507178E00DAB534 /* ViewControllers */ = {
			isa = PBXGroup;
			children = (
				C1E7036B25070D3200DAB534 /* ServiceUICoordinator.swift */,
			);
			path = ViewControllers;
			sourceTree = "<group>";
		};
		C1E703912507179C00DAB534 /* Models */ = {
			isa = PBXGroup;
			children = (
				C1E7038D2507131400DAB534 /* CredentialsViewModel.swift */,
				C1E70394250725AA00DAB534 /* KeyboardObserver.swift */,
				C102014C2526C1BA003B6FB7 /* ServiceStatusViewModel.swift */,
				A9F9ADEC263F0F71005C6C48 /* OTPViewModel.swift */,
			);
			path = Models;
			sourceTree = "<group>";
		};
/* End PBXGroup section */

/* Begin PBXHeadersBuildPhase section */
		A91BAC1622BC691A00ABF1BB /* Headers */ = {
			isa = PBXHeadersBuildPhase;
			buildActionMask = 2147483647;
			files = (
				A91BAC2C22BC691A00ABF1BB /* NightscoutServiceKit.h in Headers */,
			);
			runOnlyForDeploymentPostprocessing = 0;
		};
		A91BAC3522BC69B500ABF1BB /* Headers */ = {
			isa = PBXHeadersBuildPhase;
			buildActionMask = 2147483647;
			files = (
				A91BAC4A22BC69B500ABF1BB /* NightscoutServiceKitUI.h in Headers */,
			);
			runOnlyForDeploymentPostprocessing = 0;
		};
		A99C712C23396CB100AB9035 /* Headers */ = {
			isa = PBXHeadersBuildPhase;
			buildActionMask = 2147483647;
			files = (
				A99C713523396CB100AB9035 /* NightscoutServiceKitPlugin.h in Headers */,
			);
			runOnlyForDeploymentPostprocessing = 0;
		};
/* End PBXHeadersBuildPhase section */

/* Begin PBXNativeTarget section */
		A91BAC1A22BC691A00ABF1BB /* NightscoutServiceKit */ = {
			isa = PBXNativeTarget;
			buildConfigurationList = A91BAC2F22BC691A00ABF1BB /* Build configuration list for PBXNativeTarget "NightscoutServiceKit" */;
			buildPhases = (
				A91BAC1622BC691A00ABF1BB /* Headers */,
				A91BAC1722BC691A00ABF1BB /* Sources */,
				A91BAC1822BC691A00ABF1BB /* Frameworks */,
				A91BAC1922BC691A00ABF1BB /* Resources */,
			);
			buildRules = (
			);
			dependencies = (
			);
			name = NightscoutServiceKit;
			packageProductDependencies = (
				C1B9ACF727DE987400857532 /* OneTimePassword */,
				C1CEBFF329BCC104007FD8A3 /* NightscoutKit */,
			);
			productName = NightscoutService;
			productReference = A91BAC1B22BC691A00ABF1BB /* NightscoutServiceKit.framework */;
			productType = "com.apple.product-type.framework";
		};
		A91BAC2322BC691A00ABF1BB /* NightscoutServiceKitTests */ = {
			isa = PBXNativeTarget;
			buildConfigurationList = A91BAC3222BC691A00ABF1BB /* Build configuration list for PBXNativeTarget "NightscoutServiceKitTests" */;
			buildPhases = (
				A91BAC2022BC691A00ABF1BB /* Sources */,
				A91BAC2122BC691A00ABF1BB /* Frameworks */,
				A91BAC2222BC691A00ABF1BB /* Resources */,
			);
			buildRules = (
			);
			dependencies = (
				A91BAC2722BC691A00ABF1BB /* PBXTargetDependency */,
			);
			name = NightscoutServiceKitTests;
			productName = NightscoutServiceTests;
			productReference = A91BAC2422BC691A00ABF1BB /* NightscoutServiceKitTests.xctest */;
			productType = "com.apple.product-type.bundle.unit-test";
		};
		A91BAC3922BC69B500ABF1BB /* NightscoutServiceKitUI */ = {
			isa = PBXNativeTarget;
			buildConfigurationList = A91BAC4B22BC69B500ABF1BB /* Build configuration list for PBXNativeTarget "NightscoutServiceKitUI" */;
			buildPhases = (
				A91BAC3522BC69B500ABF1BB /* Headers */,
				A91BAC3622BC69B500ABF1BB /* Sources */,
				A91BAC3722BC69B500ABF1BB /* Frameworks */,
				A91BAC3822BC69B500ABF1BB /* Resources */,
			);
			buildRules = (
			);
			dependencies = (
				A91BAC5222BC69BB00ABF1BB /* PBXTargetDependency */,
			);
			name = NightscoutServiceKitUI;
			packageProductDependencies = (
			);
			productName = NightscoutServiceKitUI;
			productReference = A91BAC3A22BC69B500ABF1BB /* NightscoutServiceKitUI.framework */;
			productType = "com.apple.product-type.framework";
		};
		A99C713023396CB100AB9035 /* NightscoutServiceKitPlugin */ = {
			isa = PBXNativeTarget;
			buildConfigurationList = A99C713823396CB100AB9035 /* Build configuration list for PBXNativeTarget "NightscoutServiceKitPlugin" */;
			buildPhases = (
				A99C712C23396CB100AB9035 /* Headers */,
				A99C712D23396CB100AB9035 /* Sources */,
				A99C712E23396CB100AB9035 /* Frameworks */,
				A99C712F23396CB100AB9035 /* Resources */,
				C1C134A127DD38000097B5AD /* Embed Frameworks */,
			);
			buildRules = (
			);
			dependencies = (
				A99C713A23396CF600AB9035 /* PBXTargetDependency */,
				A99C713C23396CF600AB9035 /* PBXTargetDependency */,
				C1C134A027DD38000097B5AD /* PBXTargetDependency */,
			);
			name = NightscoutServiceKitPlugin;
			packageProductDependencies = (
			);
			productName = NightscoutServiceKitPlugin;
			productReference = A99C713123396CB100AB9035 /* NightscoutServiceKitPlugin.loopplugin */;
			productType = "com.apple.product-type.framework";
		};
/* End PBXNativeTarget section */

/* Begin PBXProject section */
		A91BAC1222BC691A00ABF1BB /* Project object */ = {
			isa = PBXProject;
			attributes = {
				LastSwiftUpdateCheck = 1020;
				LastUpgradeCheck = 1020;
				ORGANIZATIONNAME = "LoopKit Authors";
				TargetAttributes = {
					A91BAC1A22BC691A00ABF1BB = {
						CreatedOnToolsVersion = 10.2.1;
					};
					A91BAC2322BC691A00ABF1BB = {
						CreatedOnToolsVersion = 10.2.1;
						LastSwiftMigration = 1250;
					};
					A91BAC3922BC69B500ABF1BB = {
						CreatedOnToolsVersion = 10.2.1;
					};
					A99C713023396CB100AB9035 = {
						CreatedOnToolsVersion = 11.0;
					};
				};
			};
			buildConfigurationList = A91BAC1522BC691A00ABF1BB /* Build configuration list for PBXProject "NightscoutService" */;
			compatibilityVersion = "Xcode 9.3";
			developmentRegion = en;
			hasScannedForEncodings = 0;
			knownRegions = (
				en,
				Base,
				"zh-Hans",
				nl,
				fr,
				de,
				it,
				nb,
				pl,
				ru,
				es,
				da,
				fi,
				ja,
				"pt-BR",
				ro,
				sv,
				vi,
				tr,
				he,
				ar,
				cs,
				hi,
				sk,
			);
			mainGroup = A91BAC1122BC691A00ABF1BB;
			packageReferences = (
				C1B9ACF627DE987400857532 /* XCRemoteSwiftPackageReference "OneTimePassword" */,
				C1CEBFF229BCC104007FD8A3 /* XCRemoteSwiftPackageReference "NightscoutKit" */,
			);
			productRefGroup = A91BAC1C22BC691A00ABF1BB /* Products */;
			projectDirPath = "";
			projectRoot = "";
			targets = (
				A91BAC1A22BC691A00ABF1BB /* NightscoutServiceKit */,
				A91BAC2322BC691A00ABF1BB /* NightscoutServiceKitTests */,
				A91BAC3922BC69B500ABF1BB /* NightscoutServiceKitUI */,
				A99C713023396CB100AB9035 /* NightscoutServiceKitPlugin */,
			);
		};
/* End PBXProject section */

/* Begin PBXResourcesBuildPhase section */
		A91BAC1922BC691A00ABF1BB /* Resources */ = {
			isa = PBXResourcesBuildPhase;
			buildActionMask = 2147483647;
			files = (
				A9B007BD22BD7120000131DE /* Localizable.strings in Resources */,
			);
			runOnlyForDeploymentPostprocessing = 0;
		};
		A91BAC2222BC691A00ABF1BB /* Resources */ = {
			isa = PBXResourcesBuildPhase;
			buildActionMask = 2147483647;
			files = (
			);
			runOnlyForDeploymentPostprocessing = 0;
		};
		A91BAC3822BC69B500ABF1BB /* Resources */ = {
			isa = PBXResourcesBuildPhase;
			buildActionMask = 2147483647;
			files = (
				C1E7036625070A0E00DAB534 /* Assets.xcassets in Resources */,
				A9B007C022BD7130000131DE /* Localizable.strings in Resources */,
			);
			runOnlyForDeploymentPostprocessing = 0;
		};
		A99C712F23396CB100AB9035 /* Resources */ = {
			isa = PBXResourcesBuildPhase;
			buildActionMask = 2147483647;
			files = (
			);
			runOnlyForDeploymentPostprocessing = 0;
		};
/* End PBXResourcesBuildPhase section */

/* Begin PBXSourcesBuildPhase section */
		A91BAC1722BC691A00ABF1BB /* Sources */ = {
			isa = PBXSourcesBuildPhase;
			buildActionMask = 2147483647;
			files = (
				A993990322BC7095005E39D3 /* NightscoutService.swift in Sources */,
				A934B6162358F42A00949C8B /* StoredDosingDecision.swift in Sources */,
				A90E39A922BC7AD10016DFE8 /* Bundle.swift in Sources */,
				A90E39A322BC782C0016DFE8 /* SyncCarbObject.swift in Sources */,
				A934B61A2358F5FC00949C8B /* TemporaryScheduleOverride.swift in Sources */,
				A94DA7642353CF930082E26D /* StoredGlucoseSample.swift in Sources */,
				C1E703642506BE9400DAB534 /* ObjectIdCache.swift in Sources */,
				C1398D2027C41E3D00416AD6 /* ProfileSet.swift in Sources */,
				A90E39A722BC7A360016DFE8 /* HKUnit.swift in Sources */,
				A9246B2526231B3A00CCDCB3 /* OTPManager.swift in Sources */,
				A90E399E22BC76DB0016DFE8 /* TimeInterval.swift in Sources */,
				A90E39A122BC773A0016DFE8 /* NightscoutUploader.swift in Sources */,
				A9B007B322BD6FF7000131DE /* LocalizedString.swift in Sources */,
				C1398D2227C434FB00416AD6 /* Data.swift in Sources */,
				A90E39A522BC791E0016DFE8 /* DoseEntry.swift in Sources */,
				A934B6182358F49300949C8B /* StoredSettings.swift in Sources */,
				A9C62DA42331CAD400535612 /* OSLog.swift in Sources */,
				C1F7822827CD57A100C0919A /* OverrideTreament.swift in Sources */,
			);
			runOnlyForDeploymentPostprocessing = 0;
		};
		A91BAC2022BC691A00ABF1BB /* Sources */ = {
			isa = PBXSourcesBuildPhase;
			buildActionMask = 2147483647;
			files = (
				A95F887526C694E900D8A009 /* OTPManagerTestCase.swift in Sources */,
			);
			runOnlyForDeploymentPostprocessing = 0;
		};
		A91BAC3622BC69B500ABF1BB /* Sources */ = {
			isa = PBXSourcesBuildPhase;
			buildActionMask = 2147483647;
			files = (
				A9C778BC25BD193900CC680D /* Bundle.swift in Sources */,
				A9E4153822BC89B600168E14 /* IdentifiableClass.swift in Sources */,
				C102014D2526C1BA003B6FB7 /* ServiceStatusViewModel.swift in Sources */,
				C1EBB08A252596EA000D9680 /* ServiceStatusView.swift in Sources */,
				A9E4153622BC89A300168E14 /* NibLoadable.swift in Sources */,
				C1E7036C25070D3200DAB534 /* ServiceUICoordinator.swift in Sources */,
				A9B007B422BD6FF7000131DE /* LocalizedString.swift in Sources */,
				C10201552526D3E8003B6FB7 /* NightscoutService+ServiceStatusViewModelDelegate.swift in Sources */,
				C1E703932507193400DAB534 /* Image.swift in Sources */,
				A993990522BC70B7005E39D3 /* NightscoutService+UI.swift in Sources */,
				A9F9ADED263F0F71005C6C48 /* OTPViewModel.swift in Sources */,
				C1E7038E2507131400DAB534 /* CredentialsViewModel.swift in Sources */,
				C1E70395250725AA00DAB534 /* KeyboardObserver.swift in Sources */,
				A9C62DA52331CAE200535612 /* OSLog.swift in Sources */,
				A9E4153B22BC8A3800168E14 /* UIColor.swift in Sources */,
				A9E2DA98262351F900AB8C89 /* OTPSelectionView.swift in Sources */,
				C1E7038C2507117900DAB534 /* CredentialsView.swift in Sources */,
			);
			runOnlyForDeploymentPostprocessing = 0;
		};
		A99C712D23396CB100AB9035 /* Sources */ = {
			isa = PBXSourcesBuildPhase;
			buildActionMask = 2147483647;
			files = (
				A99C714223396D8E00AB9035 /* NightscoutServiceKitPlugin.swift in Sources */,
				A9C778BB25BD193900CC680D /* Bundle.swift in Sources */,
				A99C714023396D6200AB9035 /* OSLog.swift in Sources */,
			);
			runOnlyForDeploymentPostprocessing = 0;
		};
/* End PBXSourcesBuildPhase section */

/* Begin PBXTargetDependency section */
		A91BAC2722BC691A00ABF1BB /* PBXTargetDependency */ = {
			isa = PBXTargetDependency;
			target = A91BAC1A22BC691A00ABF1BB /* NightscoutServiceKit */;
			targetProxy = A91BAC2622BC691A00ABF1BB /* PBXContainerItemProxy */;
		};
		A91BAC5222BC69BB00ABF1BB /* PBXTargetDependency */ = {
			isa = PBXTargetDependency;
			target = A91BAC1A22BC691A00ABF1BB /* NightscoutServiceKit */;
			targetProxy = A91BAC5122BC69BB00ABF1BB /* PBXContainerItemProxy */;
		};
		A99C713A23396CF600AB9035 /* PBXTargetDependency */ = {
			isa = PBXTargetDependency;
			target = A91BAC1A22BC691A00ABF1BB /* NightscoutServiceKit */;
			targetProxy = A99C713923396CF600AB9035 /* PBXContainerItemProxy */;
		};
		A99C713C23396CF600AB9035 /* PBXTargetDependency */ = {
			isa = PBXTargetDependency;
			target = A91BAC3922BC69B500ABF1BB /* NightscoutServiceKitUI */;
			targetProxy = A99C713B23396CF600AB9035 /* PBXContainerItemProxy */;
		};
		C1C134A027DD38000097B5AD /* PBXTargetDependency */ = {
			isa = PBXTargetDependency;
			platformFilter = ios;
			target = A91BAC3922BC69B500ABF1BB /* NightscoutServiceKitUI */;
			targetProxy = C1C1349F27DD38000097B5AD /* PBXContainerItemProxy */;
		};
/* End PBXTargetDependency section */

/* Begin PBXVariantGroup section */
		A9B007BB22BD7120000131DE /* Localizable.strings */ = {
			isa = PBXVariantGroup;
			children = (
				A9B007BC22BD7120000131DE /* Base */,
				A9B007D622BD716A000131DE /* zh-Hans */,
				A9B007D722BD716B000131DE /* nl */,
				A9B007D822BD716C000131DE /* fr */,
				A9B007D922BD716D000131DE /* de */,
				A9B007DA22BD716E000131DE /* it */,
				A9B007DB22BD716F000131DE /* nb */,
				A9B007DC22BD7170000131DE /* pl */,
				A9B007DD22BD7171000131DE /* ru */,
				A9B007DE22BD7171000131DE /* es */,
				F5D9BFF627DAB4BF002E48F6 /* da */,
				F5D9BFF827DAB509002E48F6 /* fi */,
				F5D9BFFA27DAB517002E48F6 /* ja */,
				F5D9BFFC27DAB525002E48F6 /* pt-BR */,
				F5D9BFFE27DAB533002E48F6 /* ro */,
				F5D9C00027DAB53F002E48F6 /* sv */,
				F5D9C00227DAB549002E48F6 /* vi */,
				F5D9C00427DAB551002E48F6 /* tr */,
				F5E0BE2027E1DE720033557E /* he */,
				C15A582E29C7866600D3A5A1 /* ar */,
				C121D8D629C7866D00DA0520 /* cs */,
				C1FDCC0E29C786F90056E652 /* sk */,
			);
			name = Localizable.strings;
			sourceTree = "<group>";
		};
		A9B007BE22BD7130000131DE /* Localizable.strings */ = {
			isa = PBXVariantGroup;
			children = (
				A9B007BF22BD7130000131DE /* Base */,
				A9B007E022BD7176000131DE /* zh-Hans */,
				A9B007E122BD7177000131DE /* nl */,
				A9B007E222BD7179000131DE /* fr */,
				A9B007E322BD717A000131DE /* de */,
				A9B007E422BD717B000131DE /* it */,
				A9B007E522BD717C000131DE /* nb */,
				A9B007E622BD717D000131DE /* pl */,
				A9B007E722BD717E000131DE /* ru */,
				A9B007E822BD717F000131DE /* es */,
				F5D9BFF727DAB4BF002E48F6 /* da */,
				F5D9BFF927DAB509002E48F6 /* fi */,
				F5D9BFFB27DAB517002E48F6 /* ja */,
				F5D9BFFD27DAB525002E48F6 /* pt-BR */,
				F5D9BFFF27DAB533002E48F6 /* ro */,
				F5D9C00127DAB540002E48F6 /* sv */,
				F5D9C00327DAB549002E48F6 /* vi */,
				F5D9C00527DAB551002E48F6 /* tr */,
				F5E0BE2127E1DE720033557E /* he */,
				C15A582F29C7866600D3A5A1 /* ar */,
				C121D8D729C7866D00DA0520 /* cs */,
				C1FAB5C629C786B000D25073 /* hi */,
				C1FDCC0F29C786F90056E652 /* sk */,
			);
			name = Localizable.strings;
			sourceTree = "<group>";
		};
/* End PBXVariantGroup section */

/* Begin XCBuildConfiguration section */
		A91BAC2D22BC691A00ABF1BB /* Debug */ = {
			isa = XCBuildConfiguration;
			buildSettings = {
				ALWAYS_SEARCH_USER_PATHS = NO;
				CLANG_ANALYZER_GCD_PERFORMANCE = YES;
				CLANG_ANALYZER_LOCALIZABILITY_EMPTY_CONTEXT = YES;
				CLANG_ANALYZER_LOCALIZABILITY_NONLOCALIZED = YES;
				CLANG_ANALYZER_NONNULL = YES;
				CLANG_ANALYZER_NUMBER_OBJECT_CONVERSION = YES_AGGRESSIVE;
				CLANG_ANALYZER_SECURITY_FLOATLOOPCOUNTER = YES;
				CLANG_ANALYZER_SECURITY_INSECUREAPI_RAND = YES;
				CLANG_ANALYZER_SECURITY_INSECUREAPI_STRCPY = YES;
				CLANG_CXX_LANGUAGE_STANDARD = "gnu++17";
				CLANG_CXX_LIBRARY = "libc++";
				CLANG_ENABLE_MODULES = YES;
				CLANG_ENABLE_OBJC_ARC = YES;
				CLANG_ENABLE_OBJC_WEAK = YES;
				CLANG_WARN_ASSIGN_ENUM = YES;
				CLANG_WARN_ATOMIC_IMPLICIT_SEQ_CST = YES;
				CLANG_WARN_BLOCK_CAPTURE_AUTORELEASING = YES_ERROR;
				CLANG_WARN_BOOL_CONVERSION = YES_ERROR;
				CLANG_WARN_COMMA = YES_ERROR;
				CLANG_WARN_CONSTANT_CONVERSION = YES_ERROR;
				CLANG_WARN_CXX0X_EXTENSIONS = YES;
				CLANG_WARN_DELETE_NON_VIRTUAL_DTOR = YES_ERROR;
				CLANG_WARN_DEPRECATED_OBJC_IMPLEMENTATIONS = YES;
				CLANG_WARN_DIRECT_OBJC_ISA_USAGE = YES_ERROR;
				CLANG_WARN_DOCUMENTATION_COMMENTS = YES;
				CLANG_WARN_EMPTY_BODY = YES;
				CLANG_WARN_ENUM_CONVERSION = YES_ERROR;
				CLANG_WARN_FLOAT_CONVERSION = YES_ERROR;
				CLANG_WARN_IMPLICIT_SIGN_CONVERSION = YES_ERROR;
				CLANG_WARN_INFINITE_RECURSION = YES;
				CLANG_WARN_INT_CONVERSION = YES_ERROR;
				CLANG_WARN_MISSING_NOESCAPE = YES_ERROR;
				CLANG_WARN_NON_LITERAL_NULL_CONVERSION = YES_ERROR;
				CLANG_WARN_OBJC_EXPLICIT_OWNERSHIP_TYPE = YES;
				CLANG_WARN_OBJC_IMPLICIT_ATOMIC_PROPERTIES = YES;
				CLANG_WARN_OBJC_IMPLICIT_RETAIN_SELF = YES;
				CLANG_WARN_OBJC_INTERFACE_IVARS = YES_ERROR;
				CLANG_WARN_OBJC_LITERAL_CONVERSION = YES_ERROR;
				CLANG_WARN_OBJC_MISSING_PROPERTY_SYNTHESIS = YES;
				CLANG_WARN_OBJC_REPEATED_USE_OF_WEAK = YES_AGGRESSIVE;
				CLANG_WARN_OBJC_ROOT_CLASS = YES_ERROR;
				CLANG_WARN_PRAGMA_PACK = YES_ERROR;
				CLANG_WARN_QUOTED_INCLUDE_IN_FRAMEWORK_HEADER = YES_ERROR;
				CLANG_WARN_RANGE_LOOP_ANALYSIS = YES;
				CLANG_WARN_SEMICOLON_BEFORE_METHOD_BODY = YES;
				CLANG_WARN_STRICT_PROTOTYPES = YES_ERROR;
				CLANG_WARN_SUSPICIOUS_IMPLICIT_CONVERSION = YES_ERROR;
				CLANG_WARN_SUSPICIOUS_MOVE = YES;
				CLANG_WARN_UNGUARDED_AVAILABILITY = YES_AGGRESSIVE;
				CLANG_WARN_UNREACHABLE_CODE = YES_AGGRESSIVE;
				CLANG_WARN_VEXING_PARSE = YES_ERROR;
				CLANG_WARN__DUPLICATE_METHOD_MATCH = YES;
				CLANG_WARN__EXIT_TIME_DESTRUCTORS = YES;
				COPY_PHASE_STRIP = NO;
				CURRENT_PROJECT_VERSION = 1;
				DEBUG_INFORMATION_FORMAT = dwarf;
				ENABLE_STRICT_OBJC_MSGSEND = YES;
				ENABLE_TESTABILITY = YES;
				FRAMEWORK_SEARCH_PATHS = "$(inherited)";
				GCC_C_LANGUAGE_STANDARD = gnu11;
				GCC_NO_COMMON_BLOCKS = YES;
				GCC_OPTIMIZATION_LEVEL = 0;
				GCC_PREPROCESSOR_DEFINITIONS = (
					"DEBUG=1",
					"$(inherited)",
				);
				GCC_TREAT_IMPLICIT_FUNCTION_DECLARATIONS_AS_ERRORS = YES;
				GCC_TREAT_INCOMPATIBLE_POINTER_TYPE_WARNINGS_AS_ERRORS = YES;
				GCC_WARN_64_TO_32_BIT_CONVERSION = YES_ERROR;
				GCC_WARN_ABOUT_MISSING_FIELD_INITIALIZERS = YES;
				GCC_WARN_ABOUT_MISSING_NEWLINE = YES;
				GCC_WARN_ABOUT_MISSING_PROTOTYPES = YES;
				GCC_WARN_ABOUT_POINTER_SIGNEDNESS = YES;
				GCC_WARN_ABOUT_RETURN_TYPE = YES_ERROR;
				GCC_WARN_FOUR_CHARACTER_CONSTANTS = YES;
				GCC_WARN_HIDDEN_VIRTUAL_FUNCTIONS = YES;
				GCC_WARN_INITIALIZER_NOT_FULLY_BRACKETED = YES;
				GCC_WARN_NON_VIRTUAL_DESTRUCTOR = YES;
				GCC_WARN_SHADOW = YES;
				GCC_WARN_SIGN_COMPARE = YES;
				GCC_WARN_STRICT_SELECTOR_MATCH = YES;
				GCC_WARN_UNDECLARED_SELECTOR = YES;
				GCC_WARN_UNINITIALIZED_AUTOS = YES_AGGRESSIVE;
				GCC_WARN_UNKNOWN_PRAGMAS = YES;
				GCC_WARN_UNUSED_FUNCTION = YES;
				GCC_WARN_UNUSED_LABEL = YES;
				GCC_WARN_UNUSED_PARAMETER = YES;
				GCC_WARN_UNUSED_VARIABLE = YES;
				IPHONEOS_DEPLOYMENT_TARGET = 15.1;
				LOCALIZED_STRING_MACRO_NAMES = (
					NSLocalizedString,
					CFLocalizedString,
					LocalizedString,
				);
				MTL_ENABLE_DEBUG_INFO = INCLUDE_SOURCE;
				MTL_FAST_MATH = YES;
				ONLY_ACTIVE_ARCH = YES;
				SDKROOT = iphoneos;
				SWIFT_ACTIVE_COMPILATION_CONDITIONS = DEBUG;
				SWIFT_OPTIMIZATION_LEVEL = "-Onone";
				SWIFT_VERSION = 5.0;
				VERSIONING_SYSTEM = "apple-generic";
				VERSION_INFO_PREFIX = "";
				WARNING_CFLAGS = "-Wall";
			};
			name = Debug;
		};
		A91BAC2E22BC691A00ABF1BB /* Release */ = {
			isa = XCBuildConfiguration;
			buildSettings = {
				ALWAYS_SEARCH_USER_PATHS = NO;
				CLANG_ANALYZER_GCD_PERFORMANCE = YES;
				CLANG_ANALYZER_LOCALIZABILITY_EMPTY_CONTEXT = YES;
				CLANG_ANALYZER_LOCALIZABILITY_NONLOCALIZED = YES;
				CLANG_ANALYZER_NONNULL = YES;
				CLANG_ANALYZER_NUMBER_OBJECT_CONVERSION = YES_AGGRESSIVE;
				CLANG_ANALYZER_SECURITY_FLOATLOOPCOUNTER = YES;
				CLANG_ANALYZER_SECURITY_INSECUREAPI_RAND = YES;
				CLANG_ANALYZER_SECURITY_INSECUREAPI_STRCPY = YES;
				CLANG_CXX_LANGUAGE_STANDARD = "gnu++17";
				CLANG_CXX_LIBRARY = "libc++";
				CLANG_ENABLE_MODULES = YES;
				CLANG_ENABLE_OBJC_ARC = YES;
				CLANG_ENABLE_OBJC_WEAK = YES;
				CLANG_WARN_ASSIGN_ENUM = YES;
				CLANG_WARN_ATOMIC_IMPLICIT_SEQ_CST = YES;
				CLANG_WARN_BLOCK_CAPTURE_AUTORELEASING = YES_ERROR;
				CLANG_WARN_BOOL_CONVERSION = YES_ERROR;
				CLANG_WARN_COMMA = YES_ERROR;
				CLANG_WARN_CONSTANT_CONVERSION = YES_ERROR;
				CLANG_WARN_CXX0X_EXTENSIONS = YES;
				CLANG_WARN_DELETE_NON_VIRTUAL_DTOR = YES_ERROR;
				CLANG_WARN_DEPRECATED_OBJC_IMPLEMENTATIONS = YES;
				CLANG_WARN_DIRECT_OBJC_ISA_USAGE = YES_ERROR;
				CLANG_WARN_DOCUMENTATION_COMMENTS = YES;
				CLANG_WARN_EMPTY_BODY = YES;
				CLANG_WARN_ENUM_CONVERSION = YES_ERROR;
				CLANG_WARN_FLOAT_CONVERSION = YES_ERROR;
				CLANG_WARN_IMPLICIT_SIGN_CONVERSION = YES_ERROR;
				CLANG_WARN_INFINITE_RECURSION = YES;
				CLANG_WARN_INT_CONVERSION = YES_ERROR;
				CLANG_WARN_MISSING_NOESCAPE = YES_ERROR;
				CLANG_WARN_NON_LITERAL_NULL_CONVERSION = YES_ERROR;
				CLANG_WARN_OBJC_EXPLICIT_OWNERSHIP_TYPE = YES;
				CLANG_WARN_OBJC_IMPLICIT_ATOMIC_PROPERTIES = YES;
				CLANG_WARN_OBJC_IMPLICIT_RETAIN_SELF = YES;
				CLANG_WARN_OBJC_INTERFACE_IVARS = YES_ERROR;
				CLANG_WARN_OBJC_LITERAL_CONVERSION = YES_ERROR;
				CLANG_WARN_OBJC_MISSING_PROPERTY_SYNTHESIS = YES;
				CLANG_WARN_OBJC_REPEATED_USE_OF_WEAK = YES_AGGRESSIVE;
				CLANG_WARN_OBJC_ROOT_CLASS = YES_ERROR;
				CLANG_WARN_PRAGMA_PACK = YES_ERROR;
				CLANG_WARN_QUOTED_INCLUDE_IN_FRAMEWORK_HEADER = YES_ERROR;
				CLANG_WARN_RANGE_LOOP_ANALYSIS = YES;
				CLANG_WARN_SEMICOLON_BEFORE_METHOD_BODY = YES;
				CLANG_WARN_STRICT_PROTOTYPES = YES_ERROR;
				CLANG_WARN_SUSPICIOUS_IMPLICIT_CONVERSION = YES_ERROR;
				CLANG_WARN_SUSPICIOUS_MOVE = YES;
				CLANG_WARN_UNGUARDED_AVAILABILITY = YES_AGGRESSIVE;
				CLANG_WARN_UNREACHABLE_CODE = YES_AGGRESSIVE;
				CLANG_WARN_VEXING_PARSE = YES_ERROR;
				CLANG_WARN__DUPLICATE_METHOD_MATCH = YES;
				CLANG_WARN__EXIT_TIME_DESTRUCTORS = YES;
				COPY_PHASE_STRIP = NO;
				CURRENT_PROJECT_VERSION = 1;
				ENABLE_NS_ASSERTIONS = NO;
				ENABLE_STRICT_OBJC_MSGSEND = YES;
				FRAMEWORK_SEARCH_PATHS = "$(inherited)";
				GCC_C_LANGUAGE_STANDARD = gnu11;
				GCC_NO_COMMON_BLOCKS = YES;
				GCC_TREAT_IMPLICIT_FUNCTION_DECLARATIONS_AS_ERRORS = YES;
				GCC_TREAT_INCOMPATIBLE_POINTER_TYPE_WARNINGS_AS_ERRORS = YES;
				GCC_WARN_64_TO_32_BIT_CONVERSION = YES_ERROR;
				GCC_WARN_ABOUT_MISSING_FIELD_INITIALIZERS = YES;
				GCC_WARN_ABOUT_MISSING_NEWLINE = YES;
				GCC_WARN_ABOUT_MISSING_PROTOTYPES = YES;
				GCC_WARN_ABOUT_POINTER_SIGNEDNESS = YES;
				GCC_WARN_ABOUT_RETURN_TYPE = YES_ERROR;
				GCC_WARN_FOUR_CHARACTER_CONSTANTS = YES;
				GCC_WARN_HIDDEN_VIRTUAL_FUNCTIONS = YES;
				GCC_WARN_INITIALIZER_NOT_FULLY_BRACKETED = YES;
				GCC_WARN_NON_VIRTUAL_DESTRUCTOR = YES;
				GCC_WARN_SHADOW = YES;
				GCC_WARN_SIGN_COMPARE = YES;
				GCC_WARN_STRICT_SELECTOR_MATCH = YES;
				GCC_WARN_UNDECLARED_SELECTOR = YES;
				GCC_WARN_UNINITIALIZED_AUTOS = YES_AGGRESSIVE;
				GCC_WARN_UNKNOWN_PRAGMAS = YES;
				GCC_WARN_UNUSED_FUNCTION = YES;
				GCC_WARN_UNUSED_LABEL = YES;
				GCC_WARN_UNUSED_PARAMETER = YES;
				GCC_WARN_UNUSED_VARIABLE = YES;
				IPHONEOS_DEPLOYMENT_TARGET = 15.1;
				LOCALIZED_STRING_MACRO_NAMES = (
					NSLocalizedString,
					CFLocalizedString,
					LocalizedString,
				);
				MTL_ENABLE_DEBUG_INFO = NO;
				MTL_FAST_MATH = YES;
				SDKROOT = iphoneos;
				SWIFT_COMPILATION_MODE = wholemodule;
				SWIFT_OPTIMIZATION_LEVEL = "-O";
				SWIFT_VERSION = 5.0;
				VALIDATE_PRODUCT = YES;
				VERSIONING_SYSTEM = "apple-generic";
				VERSION_INFO_PREFIX = "";
				WARNING_CFLAGS = "-Wall";
			};
			name = Release;
		};
		A91BAC3022BC691A00ABF1BB /* Debug */ = {
			isa = XCBuildConfiguration;
			buildSettings = {
				APPLICATION_EXTENSION_API_ONLY = YES;
				CODE_SIGN_IDENTITY = "";
				CODE_SIGN_STYLE = Automatic;
				DEFINES_MODULE = YES;
				DEVELOPMENT_TEAM = "";
				DYLIB_COMPATIBILITY_VERSION = 1;
				DYLIB_CURRENT_VERSION = 1;
				DYLIB_INSTALL_NAME_BASE = "@rpath";
				FRAMEWORK_SEARCH_PATHS = "$(inherited)";
				INFOPLIST_FILE = NightscoutServiceKit/Info.plist;
				INSTALL_PATH = "$(LOCAL_LIBRARY_DIR)/Frameworks";
				LD_RUNPATH_SEARCH_PATHS = (
					"$(inherited)",
					"@executable_path/Frameworks",
					"@loader_path/Frameworks",
				);
				PRODUCT_BUNDLE_IDENTIFIER = com.loopkit.NightscoutServiceKit;
				PRODUCT_NAME = "$(TARGET_NAME:c99extidentifier)";
				PROVISIONING_PROFILE_SPECIFIER = "";
				SKIP_INSTALL = YES;
				SUPPORTS_MACCATALYST = NO;
				TARGETED_DEVICE_FAMILY = "1,2";
			};
			name = Debug;
		};
		A91BAC3122BC691A00ABF1BB /* Release */ = {
			isa = XCBuildConfiguration;
			buildSettings = {
				APPLICATION_EXTENSION_API_ONLY = YES;
				CODE_SIGN_IDENTITY = "";
				CODE_SIGN_STYLE = Automatic;
				DEFINES_MODULE = YES;
				DEVELOPMENT_TEAM = "";
				DYLIB_COMPATIBILITY_VERSION = 1;
				DYLIB_CURRENT_VERSION = 1;
				DYLIB_INSTALL_NAME_BASE = "@rpath";
				FRAMEWORK_SEARCH_PATHS = "$(inherited)";
				INFOPLIST_FILE = NightscoutServiceKit/Info.plist;
				INSTALL_PATH = "$(LOCAL_LIBRARY_DIR)/Frameworks";
				LD_RUNPATH_SEARCH_PATHS = (
					"$(inherited)",
					"@executable_path/Frameworks",
					"@loader_path/Frameworks",
				);
				PRODUCT_BUNDLE_IDENTIFIER = com.loopkit.NightscoutServiceKit;
				PRODUCT_NAME = "$(TARGET_NAME:c99extidentifier)";
				PROVISIONING_PROFILE_SPECIFIER = "";
				SKIP_INSTALL = YES;
				SUPPORTS_MACCATALYST = NO;
				TARGETED_DEVICE_FAMILY = "1,2";
			};
			name = Release;
		};
		A91BAC3322BC691A00ABF1BB /* Debug */ = {
			isa = XCBuildConfiguration;
			buildSettings = {
				CLANG_ENABLE_MODULES = YES;
				CODE_SIGN_STYLE = Automatic;
				DEVELOPMENT_TEAM = "";
				INFOPLIST_FILE = NightscoutServiceKitTests/Info.plist;
				LD_RUNPATH_SEARCH_PATHS = (
					"$(inherited)",
					"@executable_path/Frameworks",
					"@loader_path/Frameworks",
				);
				PRODUCT_BUNDLE_IDENTIFIER = com.loopkit.NightscoutServiceKitTests;
				PRODUCT_NAME = "$(TARGET_NAME)";
				SWIFT_OBJC_BRIDGING_HEADER = "NightscoutServiceKitTests/NightscoutServiceKitTests-Bridging-Header.h";
				SWIFT_OPTIMIZATION_LEVEL = "-Onone";
				SWIFT_VERSION = 5.0;
				TARGETED_DEVICE_FAMILY = "1,2";
			};
			name = Debug;
		};
		A91BAC3422BC691A00ABF1BB /* Release */ = {
			isa = XCBuildConfiguration;
			buildSettings = {
				CLANG_ENABLE_MODULES = YES;
				CODE_SIGN_STYLE = Automatic;
				DEVELOPMENT_TEAM = "";
				INFOPLIST_FILE = NightscoutServiceKitTests/Info.plist;
				LD_RUNPATH_SEARCH_PATHS = (
					"$(inherited)",
					"@executable_path/Frameworks",
					"@loader_path/Frameworks",
				);
				PRODUCT_BUNDLE_IDENTIFIER = com.loopkit.NightscoutServiceKitTests;
				PRODUCT_NAME = "$(TARGET_NAME)";
				SWIFT_OBJC_BRIDGING_HEADER = "NightscoutServiceKitTests/NightscoutServiceKitTests-Bridging-Header.h";
				SWIFT_VERSION = 5.0;
				TARGETED_DEVICE_FAMILY = "1,2";
			};
			name = Release;
		};
		A91BAC4C22BC69B500ABF1BB /* Debug */ = {
			isa = XCBuildConfiguration;
			buildSettings = {
				APPLICATION_EXTENSION_API_ONLY = YES;
				CODE_SIGN_IDENTITY = "";
				CODE_SIGN_STYLE = Automatic;
				DEFINES_MODULE = YES;
				DEVELOPMENT_TEAM = "";
				DYLIB_COMPATIBILITY_VERSION = 1;
				DYLIB_CURRENT_VERSION = 1;
				DYLIB_INSTALL_NAME_BASE = "@rpath";
				INFOPLIST_FILE = NightscoutServiceKitUI/Info.plist;
				INSTALL_PATH = "$(LOCAL_LIBRARY_DIR)/Frameworks";
				LD_RUNPATH_SEARCH_PATHS = (
					"$(inherited)",
					"@executable_path/Frameworks",
					"@loader_path/Frameworks",
				);
				PRODUCT_BUNDLE_IDENTIFIER = com.loopkit.NightscoutServiceKitUI;
				PRODUCT_NAME = "$(TARGET_NAME:c99extidentifier)";
				PROVISIONING_PROFILE_SPECIFIER = "";
				SKIP_INSTALL = YES;
				SUPPORTS_MACCATALYST = NO;
				TARGETED_DEVICE_FAMILY = "1,2";
			};
			name = Debug;
		};
		A91BAC4D22BC69B500ABF1BB /* Release */ = {
			isa = XCBuildConfiguration;
			buildSettings = {
				APPLICATION_EXTENSION_API_ONLY = YES;
				CODE_SIGN_IDENTITY = "";
				CODE_SIGN_STYLE = Automatic;
				DEFINES_MODULE = YES;
				DEVELOPMENT_TEAM = "";
				DYLIB_COMPATIBILITY_VERSION = 1;
				DYLIB_CURRENT_VERSION = 1;
				DYLIB_INSTALL_NAME_BASE = "@rpath";
				INFOPLIST_FILE = NightscoutServiceKitUI/Info.plist;
				INSTALL_PATH = "$(LOCAL_LIBRARY_DIR)/Frameworks";
				LD_RUNPATH_SEARCH_PATHS = (
					"$(inherited)",
					"@executable_path/Frameworks",
					"@loader_path/Frameworks",
				);
				PRODUCT_BUNDLE_IDENTIFIER = com.loopkit.NightscoutServiceKitUI;
				PRODUCT_NAME = "$(TARGET_NAME:c99extidentifier)";
				PROVISIONING_PROFILE_SPECIFIER = "";
				SKIP_INSTALL = YES;
				SUPPORTS_MACCATALYST = NO;
				TARGETED_DEVICE_FAMILY = "1,2";
			};
			name = Release;
		};
		A99C713623396CB100AB9035 /* Debug */ = {
			isa = XCBuildConfiguration;
			buildSettings = {
				APPLICATION_EXTENSION_API_ONLY = YES;
				CODE_SIGN_IDENTITY = "";
				CODE_SIGN_STYLE = Automatic;
				DEVELOPMENT_TEAM = "";
				DYLIB_COMPATIBILITY_VERSION = 1;
				DYLIB_CURRENT_VERSION = 1;
				DYLIB_INSTALL_NAME_BASE = "@rpath";
				INFOPLIST_FILE = NightscoutServiceKitPlugin/Info.plist;
				INSTALL_PATH = "$(LOCAL_LIBRARY_DIR)/Frameworks";
				LD_RUNPATH_SEARCH_PATHS = (
					"$(inherited)",
					"@executable_path/Frameworks",
					"@loader_path/Frameworks",
				);
				PRODUCT_BUNDLE_IDENTIFIER = com.loopkit.NightscoutServiceKitPlugin;
				PRODUCT_NAME = "$(TARGET_NAME:c99extidentifier)";
				PROVISIONING_PROFILE_SPECIFIER = "";
				SKIP_INSTALL = YES;
				SUPPORTS_MACCATALYST = NO;
				TARGETED_DEVICE_FAMILY = "1,2";
				WRAPPER_EXTENSION = loopplugin;
			};
			name = Debug;
		};
		A99C713723396CB100AB9035 /* Release */ = {
			isa = XCBuildConfiguration;
			buildSettings = {
				APPLICATION_EXTENSION_API_ONLY = YES;
				CODE_SIGN_IDENTITY = "";
				CODE_SIGN_STYLE = Automatic;
				DEVELOPMENT_TEAM = "";
				DYLIB_COMPATIBILITY_VERSION = 1;
				DYLIB_CURRENT_VERSION = 1;
				DYLIB_INSTALL_NAME_BASE = "@rpath";
				INFOPLIST_FILE = NightscoutServiceKitPlugin/Info.plist;
				INSTALL_PATH = "$(LOCAL_LIBRARY_DIR)/Frameworks";
				LD_RUNPATH_SEARCH_PATHS = (
					"$(inherited)",
					"@executable_path/Frameworks",
					"@loader_path/Frameworks",
				);
				PRODUCT_BUNDLE_IDENTIFIER = com.loopkit.NightscoutServiceKitPlugin;
				PRODUCT_NAME = "$(TARGET_NAME:c99extidentifier)";
				PROVISIONING_PROFILE_SPECIFIER = "";
				SKIP_INSTALL = YES;
				SUPPORTS_MACCATALYST = NO;
				TARGETED_DEVICE_FAMILY = "1,2";
				WRAPPER_EXTENSION = loopplugin;
			};
			name = Release;
		};
/* End XCBuildConfiguration section */

/* Begin XCConfigurationList section */
		A91BAC1522BC691A00ABF1BB /* Build configuration list for PBXProject "NightscoutService" */ = {
			isa = XCConfigurationList;
			buildConfigurations = (
				A91BAC2D22BC691A00ABF1BB /* Debug */,
				A91BAC2E22BC691A00ABF1BB /* Release */,
			);
			defaultConfigurationIsVisible = 0;
			defaultConfigurationName = Release;
		};
		A91BAC2F22BC691A00ABF1BB /* Build configuration list for PBXNativeTarget "NightscoutServiceKit" */ = {
			isa = XCConfigurationList;
			buildConfigurations = (
				A91BAC3022BC691A00ABF1BB /* Debug */,
				A91BAC3122BC691A00ABF1BB /* Release */,
			);
			defaultConfigurationIsVisible = 0;
			defaultConfigurationName = Release;
		};
		A91BAC3222BC691A00ABF1BB /* Build configuration list for PBXNativeTarget "NightscoutServiceKitTests" */ = {
			isa = XCConfigurationList;
			buildConfigurations = (
				A91BAC3322BC691A00ABF1BB /* Debug */,
				A91BAC3422BC691A00ABF1BB /* Release */,
			);
			defaultConfigurationIsVisible = 0;
			defaultConfigurationName = Release;
		};
		A91BAC4B22BC69B500ABF1BB /* Build configuration list for PBXNativeTarget "NightscoutServiceKitUI" */ = {
			isa = XCConfigurationList;
			buildConfigurations = (
				A91BAC4C22BC69B500ABF1BB /* Debug */,
				A91BAC4D22BC69B500ABF1BB /* Release */,
			);
			defaultConfigurationIsVisible = 0;
			defaultConfigurationName = Release;
		};
		A99C713823396CB100AB9035 /* Build configuration list for PBXNativeTarget "NightscoutServiceKitPlugin" */ = {
			isa = XCConfigurationList;
			buildConfigurations = (
				A99C713623396CB100AB9035 /* Debug */,
				A99C713723396CB100AB9035 /* Release */,
			);
			defaultConfigurationIsVisible = 0;
			defaultConfigurationName = Release;
		};
/* End XCConfigurationList section */

/* Begin XCRemoteSwiftPackageReference section */
		C1B9ACF627DE987400857532 /* XCRemoteSwiftPackageReference "OneTimePassword" */ = {
			isa = XCRemoteSwiftPackageReference;
			repositoryURL = "https://github.com/mattrubin/OneTimePassword";
			requirement = {
				kind = revision;
				revision = 8e4022f2852d77240d0a17482cbfe325354aac70;
			};
		};
		C1CEBFF229BCC104007FD8A3 /* XCRemoteSwiftPackageReference "NightscoutKit" */ = {
			isa = XCRemoteSwiftPackageReference;
			repositoryURL = "https://github.com/LoopKit/NightscoutKit";
			requirement = {
				branch = main;
				kind = branch;
			};
		};
/* End XCRemoteSwiftPackageReference section */

/* Begin XCSwiftPackageProductDependency section */
		C1B9ACF727DE987400857532 /* OneTimePassword */ = {
			isa = XCSwiftPackageProductDependency;
			package = C1B9ACF627DE987400857532 /* XCRemoteSwiftPackageReference "OneTimePassword" */;
			productName = OneTimePassword;
		};
		C1CEBFF329BCC104007FD8A3 /* NightscoutKit */ = {
			isa = XCSwiftPackageProductDependency;
			package = C1CEBFF229BCC104007FD8A3 /* XCRemoteSwiftPackageReference "NightscoutKit" */;
			productName = NightscoutKit;
		};
/* End XCSwiftPackageProductDependency section */
	};
	rootObject = A91BAC1222BC691A00ABF1BB /* Project object */;
}
