// !$*UTF8*$!
{
	archiveVersion = 1;
	classes = {
	};
	objectVersion = 52;
	objects = {

/* Begin PBXBuildFile section */
		4B67E2D1289B4EDB002D92AF /* Localizable.strings in Resources */ = {isa = PBXBuildFile; fileRef = 4B67E2CF289B4EDB002D92AF /* Localizable.strings */; };
		A936A8C925BC99240085119C /* LoopOnboardingKit.h in Headers */ = {isa = PBXBuildFile; fileRef = A936A8BB25BC99240085119C /* LoopOnboardingKit.h */; settings = {ATTRIBUTES = (Public, ); }; };
		A936A8E725BC99330085119C /* LoopOnboardingKitUI.h in Headers */ = {isa = PBXBuildFile; fileRef = A936A8D925BC99320085119C /* LoopOnboardingKitUI.h */; settings = {ATTRIBUTES = (Public, ); }; };
		A936A8FB25BC99470085119C /* LoopOnboardingPlugin.h in Headers */ = {isa = PBXBuildFile; fileRef = A936A8F925BC99470085119C /* LoopOnboardingPlugin.h */; settings = {ATTRIBUTES = (Public, ); }; };
		A9B3CDD225BCB4A8002D9E92 /* LoopKit.framework in Frameworks */ = {isa = PBXBuildFile; fileRef = A9B3CDD125BCB4A8002D9E92 /* LoopKit.framework */; };
		A9B3CDDB25BCB4D3002D9E92 /* LoopKit.framework in Frameworks */ = {isa = PBXBuildFile; fileRef = A9B3CDD925BCB4D3002D9E92 /* LoopKit.framework */; };
		A9B3CDDD25BCB4D3002D9E92 /* LoopKitUI.framework in Frameworks */ = {isa = PBXBuildFile; fileRef = A9B3CDDA25BCB4D3002D9E92 /* LoopKitUI.framework */; };
		A9B3CE3B25BCBABB002D9E92 /* OnboardingUICoordinator.swift in Sources */ = {isa = PBXBuildFile; fileRef = A9B3CE3A25BCBABB002D9E92 /* OnboardingUICoordinator.swift */; };
		A9B3CE5625BCBB2B002D9E92 /* OnboardingChooserView.swift in Sources */ = {isa = PBXBuildFile; fileRef = A9B3CE5525BCBB2B002D9E92 /* OnboardingChooserView.swift */; };
		A9B3CE6E25BCBBD7002D9E92 /* WelcomeView.swift in Sources */ = {isa = PBXBuildFile; fileRef = A9B3CE6D25BCBBD7002D9E92 /* WelcomeView.swift */; };
		A9B3CE8125BCBD85002D9E92 /* Image.swift in Sources */ = {isa = PBXBuildFile; fileRef = A9B3CE8025BCBD85002D9E92 /* Image.swift */; };
		A9B3CE8F25BCBE7D002D9E92 /* Bundle.swift in Sources */ = {isa = PBXBuildFile; fileRef = A9B3CE8E25BCBE7D002D9E92 /* Bundle.swift */; };
		A9CE7D7525BC9B2B00C04F9B /* LocalizedString.swift in Sources */ = {isa = PBXBuildFile; fileRef = A9CE7D7425BC9B2B00C04F9B /* LocalizedString.swift */; };
		A9CE7D7625BC9B2B00C04F9B /* LocalizedString.swift in Sources */ = {isa = PBXBuildFile; fileRef = A9CE7D7425BC9B2B00C04F9B /* LocalizedString.swift */; };
		A9CE7D7725BC9B2B00C04F9B /* LocalizedString.swift in Sources */ = {isa = PBXBuildFile; fileRef = A9CE7D7425BC9B2B00C04F9B /* LocalizedString.swift */; };
		A9CE7D9725BC9BF400C04F9B /* OSLog.swift in Sources */ = {isa = PBXBuildFile; fileRef = A9CE7D9625BC9BF400C04F9B /* OSLog.swift */; };
		A9CE7D9825BC9BF400C04F9B /* OSLog.swift in Sources */ = {isa = PBXBuildFile; fileRef = A9CE7D9625BC9BF400C04F9B /* OSLog.swift */; };
		A9CE7D9925BC9BF400C04F9B /* OSLog.swift in Sources */ = {isa = PBXBuildFile; fileRef = A9CE7D9625BC9BF400C04F9B /* OSLog.swift */; };
		A9CE7FE325BCABD500C04F9B /* LoopOnboardingUI.swift in Sources */ = {isa = PBXBuildFile; fileRef = A9CE7FE225BCABD500C04F9B /* LoopOnboardingUI.swift */; };
		A9CE7FEB25BCABE800C04F9B /* Assets.xcassets in Resources */ = {isa = PBXBuildFile; fileRef = A9CE7FEA25BCABE800C04F9B /* Assets.xcassets */; };
		A9CE7FF325BCAC1800C04F9B /* LoopOnboardingPlugin.swift in Sources */ = {isa = PBXBuildFile; fileRef = A9CE7FF225BCAC1800C04F9B /* LoopOnboardingPlugin.swift */; };
		A9CE802725BCAF9800C04F9B /* LoopOnboardingKit.framework in Frameworks */ = {isa = PBXBuildFile; fileRef = A936A8B925BC99240085119C /* LoopOnboardingKit.framework */; };
		C1463F772868B51700CFD57F /* LoopOnboardingKitUI.framework in Frameworks */ = {isa = PBXBuildFile; fileRef = A936A8D725BC99320085119C /* LoopOnboardingKitUI.framework */; platformFilter = ios; };
		C1463F782868B51700CFD57F /* LoopOnboardingKitUI.framework in Embed Frameworks */ = {isa = PBXBuildFile; fileRef = A936A8D725BC99320085119C /* LoopOnboardingKitUI.framework */; settings = {ATTRIBUTES = (CodeSignOnCopy, RemoveHeadersOnCopy, ); }; };
		C1463F7B2868B54200CFD57F /* LoopOnboardingKit.framework in Frameworks */ = {isa = PBXBuildFile; fileRef = A936A8B925BC99240085119C /* LoopOnboardingKit.framework */; platformFilter = ios; };
		C1463F7C2868B54200CFD57F /* LoopOnboardingKit.framework in Embed Frameworks */ = {isa = PBXBuildFile; fileRef = A936A8B925BC99240085119C /* LoopOnboardingKit.framework */; settings = {ATTRIBUTES = (CodeSignOnCopy, RemoveHeadersOnCopy, ); }; };
		C14A7E78295E563D00CD87B4 /* LoopSupportKitUI.framework in Frameworks */ = {isa = PBXBuildFile; fileRef = C14A7E77295E563D00CD87B4 /* LoopSupportKitUI.framework */; };
		C16121EB27C457C400BCDE2A /* ImportSettingsView.swift in Sources */ = {isa = PBXBuildFile; fileRef = C16121EA27C457C400BCDE2A /* ImportSettingsView.swift */; };
		C1C1349A27DD37C80097B5AD /* NightscoutServiceKit.framework in Frameworks */ = {isa = PBXBuildFile; fileRef = C1C1349927DD37C80097B5AD /* NightscoutServiceKit.framework */; };
		C1C134A327DD38310097B5AD /* NightscoutServiceKit.framework in Frameworks */ = {isa = PBXBuildFile; fileRef = C1C134A227DD38310097B5AD /* NightscoutServiceKit.framework */; };
		C1C134A427DD38310097B5AD /* NightscoutServiceKit.framework in Embed Frameworks */ = {isa = PBXBuildFile; fileRef = C1C134A227DD38310097B5AD /* NightscoutServiceKit.framework */; settings = {ATTRIBUTES = (CodeSignOnCopy, RemoveHeadersOnCopy, ); }; };
		C1D936DB27D166BF00926313 /* HKUnit.swift in Sources */ = {isa = PBXBuildFile; fileRef = C1D936DA27D166BF00926313 /* HKUnit.swift */; };
		C1D936DC27D166BF00926313 /* HKUnit.swift in Sources */ = {isa = PBXBuildFile; fileRef = C1D936DA27D166BF00926313 /* HKUnit.swift */; };
		C1D936DD27D166BF00926313 /* HKUnit.swift in Sources */ = {isa = PBXBuildFile; fileRef = C1D936DA27D166BF00926313 /* HKUnit.swift */; };
		C1D936E027D264D600926313 /* AppleHealthAuthView.swift in Sources */ = {isa = PBXBuildFile; fileRef = C1D936DE27D264D600926313 /* AppleHealthAuthView.swift */; };
/* End PBXBuildFile section */

/* Begin PBXContainerItemProxy section */
		A9B3CDF025BCB5E1002D9E92 /* PBXContainerItemProxy */ = {
			isa = PBXContainerItemProxy;
			containerPortal = A936A88F25BC98DA0085119C /* Project object */;
			proxyType = 1;
			remoteGlobalIDString = A936A8B825BC99240085119C;
			remoteInfo = LoopOnboardingKit;
		};
		A9B3CDF225BCB5E1002D9E92 /* PBXContainerItemProxy */ = {
			isa = PBXContainerItemProxy;
			containerPortal = A936A88F25BC98DA0085119C /* Project object */;
			proxyType = 1;
			remoteGlobalIDString = A936A8D625BC99320085119C;
			remoteInfo = LoopOnboardingKitUI;
		};
		A9CE802925BCAF9800C04F9B /* PBXContainerItemProxy */ = {
			isa = PBXContainerItemProxy;
			containerPortal = A936A88F25BC98DA0085119C /* Project object */;
			proxyType = 1;
			remoteGlobalIDString = A936A8B825BC99240085119C;
			remoteInfo = LoopOnboardingKit;
		};
		C1463F792868B51700CFD57F /* PBXContainerItemProxy */ = {
			isa = PBXContainerItemProxy;
			containerPortal = A936A88F25BC98DA0085119C /* Project object */;
			proxyType = 1;
			remoteGlobalIDString = A936A8D625BC99320085119C;
			remoteInfo = LoopOnboardingKitUI;
		};
		C1463F7D2868B54200CFD57F /* PBXContainerItemProxy */ = {
			isa = PBXContainerItemProxy;
			containerPortal = A936A88F25BC98DA0085119C /* Project object */;
			proxyType = 1;
			remoteGlobalIDString = A936A8B825BC99240085119C;
			remoteInfo = LoopOnboardingKit;
		};
/* End PBXContainerItemProxy section */

/* Begin PBXCopyFilesBuildPhase section */
		C1C134A527DD38310097B5AD /* Embed Frameworks */ = {
			isa = PBXCopyFilesBuildPhase;
			buildActionMask = 2147483647;
			dstPath = "";
			dstSubfolderSpec = 10;
			files = (
				C1463F782868B51700CFD57F /* LoopOnboardingKitUI.framework in Embed Frameworks */,
				C1C134A427DD38310097B5AD /* NightscoutServiceKit.framework in Embed Frameworks */,
				C1463F7C2868B54200CFD57F /* LoopOnboardingKit.framework in Embed Frameworks */,
			);
			name = "Embed Frameworks";
			runOnlyForDeploymentPostprocessing = 0;
		};
/* End PBXCopyFilesBuildPhase section */

/* Begin PBXFileReference section */
		4B67E2D0289B4EDB002D92AF /* de */ = {isa = PBXFileReference; lastKnownFileType = text.plist.strings; name = de; path = de.lproj/Localizable.strings; sourceTree = "<group>"; };
		A936A8B925BC99240085119C /* LoopOnboardingKit.framework */ = {isa = PBXFileReference; explicitFileType = wrapper.framework; includeInIndex = 0; path = LoopOnboardingKit.framework; sourceTree = BUILT_PRODUCTS_DIR; };
		A936A8BB25BC99240085119C /* LoopOnboardingKit.h */ = {isa = PBXFileReference; lastKnownFileType = sourcecode.c.h; path = LoopOnboardingKit.h; sourceTree = "<group>"; };
		A936A8BC25BC99240085119C /* Info.plist */ = {isa = PBXFileReference; lastKnownFileType = text.plist.xml; path = Info.plist; sourceTree = "<group>"; };
		A936A8D725BC99320085119C /* LoopOnboardingKitUI.framework */ = {isa = PBXFileReference; explicitFileType = wrapper.framework; includeInIndex = 0; path = LoopOnboardingKitUI.framework; sourceTree = BUILT_PRODUCTS_DIR; };
		A936A8D925BC99320085119C /* LoopOnboardingKitUI.h */ = {isa = PBXFileReference; lastKnownFileType = sourcecode.c.h; path = LoopOnboardingKitUI.h; sourceTree = "<group>"; };
		A936A8DA25BC99320085119C /* Info.plist */ = {isa = PBXFileReference; lastKnownFileType = text.plist.xml; path = Info.plist; sourceTree = "<group>"; };
		A936A8F725BC99470085119C /* LoopOnboardingPlugin.loopplugin */ = {isa = PBXFileReference; explicitFileType = wrapper.framework; includeInIndex = 0; path = LoopOnboardingPlugin.loopplugin; sourceTree = BUILT_PRODUCTS_DIR; };
		A936A8F925BC99470085119C /* LoopOnboardingPlugin.h */ = {isa = PBXFileReference; lastKnownFileType = sourcecode.c.h; path = LoopOnboardingPlugin.h; sourceTree = "<group>"; };
		A936A8FA25BC99470085119C /* Info.plist */ = {isa = PBXFileReference; lastKnownFileType = text.plist.xml; path = Info.plist; sourceTree = "<group>"; };
		A9B3CDD125BCB4A8002D9E92 /* LoopKit.framework */ = {isa = PBXFileReference; explicitFileType = wrapper.framework; path = LoopKit.framework; sourceTree = BUILT_PRODUCTS_DIR; };
		A9B3CDD925BCB4D3002D9E92 /* LoopKit.framework */ = {isa = PBXFileReference; explicitFileType = wrapper.framework; path = LoopKit.framework; sourceTree = BUILT_PRODUCTS_DIR; };
		A9B3CDDA25BCB4D3002D9E92 /* LoopKitUI.framework */ = {isa = PBXFileReference; explicitFileType = wrapper.framework; path = LoopKitUI.framework; sourceTree = BUILT_PRODUCTS_DIR; };
		A9B3CDF425BCB65D002D9E92 /* LoopKit.framework */ = {isa = PBXFileReference; explicitFileType = wrapper.framework; path = LoopKit.framework; sourceTree = BUILT_PRODUCTS_DIR; };
		A9B3CDF725BCB6E6002D9E92 /* LoopKit.framework */ = {isa = PBXFileReference; explicitFileType = wrapper.framework; path = LoopKit.framework; sourceTree = BUILT_PRODUCTS_DIR; };
		A9B3CDF925BCB6E6002D9E92 /* LoopKitUI.framework */ = {isa = PBXFileReference; explicitFileType = wrapper.framework; path = LoopKitUI.framework; sourceTree = BUILT_PRODUCTS_DIR; };
		A9B3CE3A25BCBABB002D9E92 /* OnboardingUICoordinator.swift */ = {isa = PBXFileReference; lastKnownFileType = sourcecode.swift; path = OnboardingUICoordinator.swift; sourceTree = "<group>"; };
		A9B3CE5525BCBB2B002D9E92 /* OnboardingChooserView.swift */ = {isa = PBXFileReference; lastKnownFileType = sourcecode.swift; path = OnboardingChooserView.swift; sourceTree = "<group>"; };
		A9B3CE6D25BCBBD7002D9E92 /* WelcomeView.swift */ = {isa = PBXFileReference; lastKnownFileType = sourcecode.swift; path = WelcomeView.swift; sourceTree = "<group>"; };
		A9B3CE8025BCBD85002D9E92 /* Image.swift */ = {isa = PBXFileReference; lastKnownFileType = sourcecode.swift; path = Image.swift; sourceTree = "<group>"; };
		A9B3CE8E25BCBE7D002D9E92 /* Bundle.swift */ = {isa = PBXFileReference; lastKnownFileType = sourcecode.swift; path = Bundle.swift; sourceTree = "<group>"; };
		A9CE7D7425BC9B2B00C04F9B /* LocalizedString.swift */ = {isa = PBXFileReference; lastKnownFileType = sourcecode.swift; path = LocalizedString.swift; sourceTree = "<group>"; };
		A9CE7D9625BC9BF400C04F9B /* OSLog.swift */ = {isa = PBXFileReference; lastKnownFileType = sourcecode.swift; path = OSLog.swift; sourceTree = "<group>"; };
		A9CE7FE225BCABD500C04F9B /* LoopOnboardingUI.swift */ = {isa = PBXFileReference; lastKnownFileType = sourcecode.swift; path = LoopOnboardingUI.swift; sourceTree = "<group>"; };
		A9CE7FEA25BCABE800C04F9B /* Assets.xcassets */ = {isa = PBXFileReference; lastKnownFileType = folder.assetcatalog; path = Assets.xcassets; sourceTree = "<group>"; };
		A9CE7FF225BCAC1800C04F9B /* LoopOnboardingPlugin.swift */ = {isa = PBXFileReference; lastKnownFileType = sourcecode.swift; path = LoopOnboardingPlugin.swift; sourceTree = "<group>"; };
		C14A7E77295E563D00CD87B4 /* LoopSupportKitUI.framework */ = {isa = PBXFileReference; explicitFileType = wrapper.framework; path = LoopSupportKitUI.framework; sourceTree = BUILT_PRODUCTS_DIR; };
		C16121EA27C457C400BCDE2A /* ImportSettingsView.swift */ = {isa = PBXFileReference; lastKnownFileType = sourcecode.swift; path = ImportSettingsView.swift; sourceTree = "<group>"; };
		C1C1349927DD37C80097B5AD /* NightscoutServiceKit.framework */ = {isa = PBXFileReference; explicitFileType = wrapper.framework; path = NightscoutServiceKit.framework; sourceTree = BUILT_PRODUCTS_DIR; };
		C1C134A227DD38310097B5AD /* NightscoutServiceKit.framework */ = {isa = PBXFileReference; explicitFileType = wrapper.framework; path = NightscoutServiceKit.framework; sourceTree = BUILT_PRODUCTS_DIR; };
		C1D936DA27D166BF00926313 /* HKUnit.swift */ = {isa = PBXFileReference; lastKnownFileType = sourcecode.swift; path = HKUnit.swift; sourceTree = "<group>"; };
		C1D936DE27D264D600926313 /* AppleHealthAuthView.swift */ = {isa = PBXFileReference; lastKnownFileType = sourcecode.swift; path = AppleHealthAuthView.swift; sourceTree = "<group>"; };
		C1FA388F29355E6D00951C0F /* en */ = {isa = PBXFileReference; lastKnownFileType = text.plist.strings; name = en; path = en.lproj/Localizable.strings; sourceTree = "<group>"; };
/* End PBXFileReference section */

/* Begin PBXFrameworksBuildPhase section */
		A936A8B625BC99240085119C /* Frameworks */ = {
			isa = PBXFrameworksBuildPhase;
			buildActionMask = 2147483647;
			files = (
				A9B3CDD225BCB4A8002D9E92 /* LoopKit.framework in Frameworks */,
			);
			runOnlyForDeploymentPostprocessing = 0;
		};
		A936A8D425BC99320085119C /* Frameworks */ = {
			isa = PBXFrameworksBuildPhase;
			buildActionMask = 2147483647;
			files = (
				C14A7E78295E563D00CD87B4 /* LoopSupportKitUI.framework in Frameworks */,
				A9B3CDDB25BCB4D3002D9E92 /* LoopKit.framework in Frameworks */,
				A9B3CDDD25BCB4D3002D9E92 /* LoopKitUI.framework in Frameworks */,
				A9CE802725BCAF9800C04F9B /* LoopOnboardingKit.framework in Frameworks */,
				C1C1349A27DD37C80097B5AD /* NightscoutServiceKit.framework in Frameworks */,
			);
			runOnlyForDeploymentPostprocessing = 0;
		};
		A936A8F425BC99470085119C /* Frameworks */ = {
			isa = PBXFrameworksBuildPhase;
			buildActionMask = 2147483647;
			files = (
				C1463F772868B51700CFD57F /* LoopOnboardingKitUI.framework in Frameworks */,
				C1C134A327DD38310097B5AD /* NightscoutServiceKit.framework in Frameworks */,
				C1463F7B2868B54200CFD57F /* LoopOnboardingKit.framework in Frameworks */,
			);
			runOnlyForDeploymentPostprocessing = 0;
		};
/* End PBXFrameworksBuildPhase section */

/* Begin PBXGroup section */
		A936A88E25BC98DA0085119C = {
			isa = PBXGroup;
			children = (
				A9CE7D7025BC9AF700C04F9B /* Common */,
				A9CE7D7125BC9AFC00C04F9B /* Extensions */,
				A936A8BA25BC99240085119C /* LoopOnboardingKit */,
				A936A8D825BC99320085119C /* LoopOnboardingKitUI */,
				A936A8F825BC99470085119C /* LoopOnboardingPlugin */,
				A936A89925BC98DA0085119C /* Products */,
				A9CE802625BCAF9800C04F9B /* Frameworks */,
			);
			sourceTree = "<group>";
		};
		A936A89925BC98DA0085119C /* Products */ = {
			isa = PBXGroup;
			children = (
				A936A8B925BC99240085119C /* LoopOnboardingKit.framework */,
				A936A8D725BC99320085119C /* LoopOnboardingKitUI.framework */,
				A936A8F725BC99470085119C /* LoopOnboardingPlugin.loopplugin */,
			);
			name = Products;
			sourceTree = "<group>";
		};
		A936A8BA25BC99240085119C /* LoopOnboardingKit */ = {
			isa = PBXGroup;
			children = (
				A936A8BB25BC99240085119C /* LoopOnboardingKit.h */,
				A936A8BC25BC99240085119C /* Info.plist */,
			);
			path = LoopOnboardingKit;
			sourceTree = "<group>";
		};
		A936A8D825BC99320085119C /* LoopOnboardingKitUI */ = {
			isa = PBXGroup;
			children = (
				A936A8D925BC99320085119C /* LoopOnboardingKitUI.h */,
				A936A8DA25BC99320085119C /* Info.plist */,
				4B67E2CF289B4EDB002D92AF /* Localizable.strings */,
				A9CE7FE225BCABD500C04F9B /* LoopOnboardingUI.swift */,
				A9CE7FEA25BCABE800C04F9B /* Assets.xcassets */,
				A9B3CE7F25BCBD75002D9E92 /* Extensions */,
				A9B3CE3925BCBAA3002D9E92 /* View Controllers */,
				A9B3CE5425BCBB1A002D9E92 /* Views */,
			);
			path = LoopOnboardingKitUI;
			sourceTree = "<group>";
		};
		A936A8F825BC99470085119C /* LoopOnboardingPlugin */ = {
			isa = PBXGroup;
			children = (
				A936A8F925BC99470085119C /* LoopOnboardingPlugin.h */,
				A936A8FA25BC99470085119C /* Info.plist */,
				A9CE7FF225BCAC1800C04F9B /* LoopOnboardingPlugin.swift */,
			);
			path = LoopOnboardingPlugin;
			sourceTree = "<group>";
		};
		A9B3CE3925BCBAA3002D9E92 /* View Controllers */ = {
			isa = PBXGroup;
			children = (
				A9B3CE3A25BCBABB002D9E92 /* OnboardingUICoordinator.swift */,
			);
			path = "View Controllers";
			sourceTree = "<group>";
		};
		A9B3CE5425BCBB1A002D9E92 /* Views */ = {
			isa = PBXGroup;
			children = (
				A9B3CE5525BCBB2B002D9E92 /* OnboardingChooserView.swift */,
				A9B3CE6D25BCBBD7002D9E92 /* WelcomeView.swift */,
				C16121EA27C457C400BCDE2A /* ImportSettingsView.swift */,
				C1D936DE27D264D600926313 /* AppleHealthAuthView.swift */,
			);
			path = Views;
			sourceTree = "<group>";
		};
		A9B3CE7F25BCBD75002D9E92 /* Extensions */ = {
			isa = PBXGroup;
			children = (
				A9B3CE8E25BCBE7D002D9E92 /* Bundle.swift */,
				A9B3CE8025BCBD85002D9E92 /* Image.swift */,
			);
			path = Extensions;
			sourceTree = "<group>";
		};
		A9CE7D7025BC9AF700C04F9B /* Common */ = {
			isa = PBXGroup;
			children = (
				A9CE7D7425BC9B2B00C04F9B /* LocalizedString.swift */,
			);
			path = Common;
			sourceTree = "<group>";
		};
		A9CE7D7125BC9AFC00C04F9B /* Extensions */ = {
			isa = PBXGroup;
			children = (
				A9CE7D9625BC9BF400C04F9B /* OSLog.swift */,
				C1D936DA27D166BF00926313 /* HKUnit.swift */,
			);
			path = Extensions;
			sourceTree = "<group>";
		};
		A9CE802625BCAF9800C04F9B /* Frameworks */ = {
			isa = PBXGroup;
			children = (
				C14A7E77295E563D00CD87B4 /* LoopSupportKitUI.framework */,
				C1C134A227DD38310097B5AD /* NightscoutServiceKit.framework */,
				C1C1349927DD37C80097B5AD /* NightscoutServiceKit.framework */,
				A9B3CDF725BCB6E6002D9E92 /* LoopKit.framework */,
				A9B3CDF925BCB6E6002D9E92 /* LoopKitUI.framework */,
				A9B3CDF425BCB65D002D9E92 /* LoopKit.framework */,
				A9B3CDD925BCB4D3002D9E92 /* LoopKit.framework */,
				A9B3CDDA25BCB4D3002D9E92 /* LoopKitUI.framework */,
				A9B3CDD125BCB4A8002D9E92 /* LoopKit.framework */,
			);
			name = Frameworks;
			sourceTree = "<group>";
		};
/* End PBXGroup section */

/* Begin PBXHeadersBuildPhase section */
		A936A8B425BC99240085119C /* Headers */ = {
			isa = PBXHeadersBuildPhase;
			buildActionMask = 2147483647;
			files = (
				A936A8C925BC99240085119C /* LoopOnboardingKit.h in Headers */,
			);
			runOnlyForDeploymentPostprocessing = 0;
		};
		A936A8D225BC99320085119C /* Headers */ = {
			isa = PBXHeadersBuildPhase;
			buildActionMask = 2147483647;
			files = (
				A936A8E725BC99330085119C /* LoopOnboardingKitUI.h in Headers */,
			);
			runOnlyForDeploymentPostprocessing = 0;
		};
		A936A8F225BC99470085119C /* Headers */ = {
			isa = PBXHeadersBuildPhase;
			buildActionMask = 2147483647;
			files = (
				A936A8FB25BC99470085119C /* LoopOnboardingPlugin.h in Headers */,
			);
			runOnlyForDeploymentPostprocessing = 0;
		};
/* End PBXHeadersBuildPhase section */

/* Begin PBXNativeTarget section */
		A936A8B825BC99240085119C /* LoopOnboardingKit */ = {
			isa = PBXNativeTarget;
			buildConfigurationList = A936A8CA25BC99240085119C /* Build configuration list for PBXNativeTarget "LoopOnboardingKit" */;
			buildPhases = (
				A936A8B425BC99240085119C /* Headers */,
				A936A8B525BC99240085119C /* Sources */,
				A936A8B625BC99240085119C /* Frameworks */,
				A936A8B725BC99240085119C /* Resources */,
			);
			buildRules = (
			);
			dependencies = (
			);
			name = LoopOnboardingKit;
			productName = LoopOnboardingKit;
			productReference = A936A8B925BC99240085119C /* LoopOnboardingKit.framework */;
			productType = "com.apple.product-type.framework";
		};
		A936A8D625BC99320085119C /* LoopOnboardingKitUI */ = {
			isa = PBXNativeTarget;
			buildConfigurationList = A936A8E825BC99330085119C /* Build configuration list for PBXNativeTarget "LoopOnboardingKitUI" */;
			buildPhases = (
				A936A8D225BC99320085119C /* Headers */,
				A936A8D325BC99320085119C /* Sources */,
				A936A8D425BC99320085119C /* Frameworks */,
				A936A8D525BC99320085119C /* Resources */,
			);
			buildRules = (
			);
			dependencies = (
				A9CE802A25BCAF9800C04F9B /* PBXTargetDependency */,
			);
			name = LoopOnboardingKitUI;
			productName = LoopOnboardingKitUI;
			productReference = A936A8D725BC99320085119C /* LoopOnboardingKitUI.framework */;
			productType = "com.apple.product-type.framework";
		};
		A936A8F625BC99470085119C /* LoopOnboardingPlugin */ = {
			isa = PBXNativeTarget;
			buildConfigurationList = A936A8FC25BC99470085119C /* Build configuration list for PBXNativeTarget "LoopOnboardingPlugin" */;
			buildPhases = (
				A936A8F225BC99470085119C /* Headers */,
				A936A8F325BC99470085119C /* Sources */,
				A936A8F425BC99470085119C /* Frameworks */,
				A936A8F525BC99470085119C /* Resources */,
				C1C134A527DD38310097B5AD /* Embed Frameworks */,
			);
			buildRules = (
			);
			dependencies = (
				A9B3CDF125BCB5E1002D9E92 /* PBXTargetDependency */,
				A9B3CDF325BCB5E1002D9E92 /* PBXTargetDependency */,
				C1463F7A2868B51700CFD57F /* PBXTargetDependency */,
				C1463F7E2868B54200CFD57F /* PBXTargetDependency */,
			);
			name = LoopOnboardingPlugin;
			productName = LoopOnboardingPlugin;
			productReference = A936A8F725BC99470085119C /* LoopOnboardingPlugin.loopplugin */;
			productType = "com.apple.product-type.framework";
		};
/* End PBXNativeTarget section */

/* Begin PBXProject section */
		A936A88F25BC98DA0085119C /* Project object */ = {
			isa = PBXProject;
			attributes = {
				LastSwiftUpdateCheck = 1220;
				LastUpgradeCheck = 1220;
				TargetAttributes = {
					A936A8B825BC99240085119C = {
						CreatedOnToolsVersion = 12.2;
						LastSwiftMigration = 1220;
					};
					A936A8D625BC99320085119C = {
						CreatedOnToolsVersion = 12.2;
						LastSwiftMigration = 1220;
					};
					A936A8F625BC99470085119C = {
						CreatedOnToolsVersion = 12.2;
						LastSwiftMigration = 1220;
					};
				};
			};
			buildConfigurationList = A936A89225BC98DA0085119C /* Build configuration list for PBXProject "LoopOnboarding" */;
			compatibilityVersion = "Xcode 9.3";
			developmentRegion = en;
			hasScannedForEncodings = 0;
			knownRegions = (
				en,
				Base,
				"zh-Hans",
				nl,
				fr,
				de,
				it,
				nb,
				pl,
				ru,
				es,
				da,
				fi,
				he,
				ja,
				"pt-BR",
				ro,
				sv,
				tr,
				vi,
			);
			mainGroup = A936A88E25BC98DA0085119C;
			productRefGroup = A936A89925BC98DA0085119C /* Products */;
			projectDirPath = "";
			projectRoot = "";
			targets = (
				A936A8B825BC99240085119C /* LoopOnboardingKit */,
				A936A8D625BC99320085119C /* LoopOnboardingKitUI */,
				A936A8F625BC99470085119C /* LoopOnboardingPlugin */,
			);
		};
/* End PBXProject section */

/* Begin PBXResourcesBuildPhase section */
		A936A8B725BC99240085119C /* Resources */ = {
			isa = PBXResourcesBuildPhase;
			buildActionMask = 2147483647;
			files = (
			);
			runOnlyForDeploymentPostprocessing = 0;
		};
		A936A8D525BC99320085119C /* Resources */ = {
			isa = PBXResourcesBuildPhase;
			buildActionMask = 2147483647;
			files = (
				A9CE7FEB25BCABE800C04F9B /* Assets.xcassets in Resources */,
				4B67E2D1289B4EDB002D92AF /* Localizable.strings in Resources */,
			);
			runOnlyForDeploymentPostprocessing = 0;
		};
		A936A8F525BC99470085119C /* Resources */ = {
			isa = PBXResourcesBuildPhase;
			buildActionMask = 2147483647;
			files = (
			);
			runOnlyForDeploymentPostprocessing = 0;
		};
/* End PBXResourcesBuildPhase section */

/* Begin PBXSourcesBuildPhase section */
		A936A8B525BC99240085119C /* Sources */ = {
			isa = PBXSourcesBuildPhase;
			buildActionMask = 2147483647;
			files = (
				A9CE7D9725BC9BF400C04F9B /* OSLog.swift in Sources */,
				A9CE7D7525BC9B2B00C04F9B /* LocalizedString.swift in Sources */,
				C1D936DB27D166BF00926313 /* HKUnit.swift in Sources */,
			);
			runOnlyForDeploymentPostprocessing = 0;
		};
		A936A8D325BC99320085119C /* Sources */ = {
			isa = PBXSourcesBuildPhase;
			buildActionMask = 2147483647;
			files = (
				C1D936E027D264D600926313 /* AppleHealthAuthView.swift in Sources */,
				C1D936DC27D166BF00926313 /* HKUnit.swift in Sources */,
				C16121EB27C457C400BCDE2A /* ImportSettingsView.swift in Sources */,
				A9B3CE8125BCBD85002D9E92 /* Image.swift in Sources */,
				A9B3CE8F25BCBE7D002D9E92 /* Bundle.swift in Sources */,
				A9B3CE3B25BCBABB002D9E92 /* OnboardingUICoordinator.swift in Sources */,
				A9B3CE6E25BCBBD7002D9E92 /* WelcomeView.swift in Sources */,
				A9CE7D9825BC9BF400C04F9B /* OSLog.swift in Sources */,
				A9CE7FE325BCABD500C04F9B /* LoopOnboardingUI.swift in Sources */,
				A9CE7D7625BC9B2B00C04F9B /* LocalizedString.swift in Sources */,
				A9B3CE5625BCBB2B002D9E92 /* OnboardingChooserView.swift in Sources */,
			);
			runOnlyForDeploymentPostprocessing = 0;
		};
		A936A8F325BC99470085119C /* Sources */ = {
			isa = PBXSourcesBuildPhase;
			buildActionMask = 2147483647;
			files = (
				A9CE7FF325BCAC1800C04F9B /* LoopOnboardingPlugin.swift in Sources */,
				A9CE7D9925BC9BF400C04F9B /* OSLog.swift in Sources */,
				C1D936DD27D166BF00926313 /* HKUnit.swift in Sources */,
				A9CE7D7725BC9B2B00C04F9B /* LocalizedString.swift in Sources */,
			);
			runOnlyForDeploymentPostprocessing = 0;
		};
/* End PBXSourcesBuildPhase section */

/* Begin PBXTargetDependency section */
		A9B3CDF125BCB5E1002D9E92 /* PBXTargetDependency */ = {
			isa = PBXTargetDependency;
			target = A936A8B825BC99240085119C /* LoopOnboardingKit */;
			targetProxy = A9B3CDF025BCB5E1002D9E92 /* PBXContainerItemProxy */;
		};
		A9B3CDF325BCB5E1002D9E92 /* PBXTargetDependency */ = {
			isa = PBXTargetDependency;
			target = A936A8D625BC99320085119C /* LoopOnboardingKitUI */;
			targetProxy = A9B3CDF225BCB5E1002D9E92 /* PBXContainerItemProxy */;
		};
		A9CE802A25BCAF9800C04F9B /* PBXTargetDependency */ = {
			isa = PBXTargetDependency;
			target = A936A8B825BC99240085119C /* LoopOnboardingKit */;
			targetProxy = A9CE802925BCAF9800C04F9B /* PBXContainerItemProxy */;
		};
		C1463F7A2868B51700CFD57F /* PBXTargetDependency */ = {
			isa = PBXTargetDependency;
			platformFilter = ios;
			target = A936A8D625BC99320085119C /* LoopOnboardingKitUI */;
			targetProxy = C1463F792868B51700CFD57F /* PBXContainerItemProxy */;
		};
		C1463F7E2868B54200CFD57F /* PBXTargetDependency */ = {
			isa = PBXTargetDependency;
			platformFilter = ios;
			target = A936A8B825BC99240085119C /* LoopOnboardingKit */;
			targetProxy = C1463F7D2868B54200CFD57F /* PBXContainerItemProxy */;
		};
/* End PBXTargetDependency section */

/* Begin PBXVariantGroup section */
		4B67E2CF289B4EDB002D92AF /* Localizable.strings */ = {
			isa = PBXVariantGroup;
			children = (
				4B67E2D0289B4EDB002D92AF /* de */,
				C1FA388F29355E6D00951C0F /* en */,
			);
			name = Localizable.strings;
			sourceTree = "<group>";
		};
/* End PBXVariantGroup section */

/* Begin XCBuildConfiguration section */
		A936A8AA25BC98DA0085119C /* Debug */ = {
			isa = XCBuildConfiguration;
			buildSettings = {
				ALWAYS_SEARCH_USER_PATHS = NO;
				CLANG_ANALYZER_GCD_PERFORMANCE = YES;
				CLANG_ANALYZER_LOCALIZABILITY_EMPTY_CONTEXT = YES;
				CLANG_ANALYZER_LOCALIZABILITY_NONLOCALIZED = YES;
				CLANG_ANALYZER_NONNULL = YES;
				CLANG_ANALYZER_NUMBER_OBJECT_CONVERSION = YES_AGGRESSIVE;
				CLANG_ANALYZER_SECURITY_FLOATLOOPCOUNTER = YES;
				CLANG_ANALYZER_SECURITY_INSECUREAPI_RAND = YES;
				CLANG_ANALYZER_SECURITY_INSECUREAPI_STRCPY = YES;
				CLANG_CXX_LANGUAGE_STANDARD = "gnu++17";
				CLANG_CXX_LIBRARY = "libc++";
				CLANG_ENABLE_MODULES = YES;
				CLANG_ENABLE_OBJC_ARC = YES;
				CLANG_ENABLE_OBJC_WEAK = YES;
				CLANG_WARN_ASSIGN_ENUM = YES;
				CLANG_WARN_ATOMIC_IMPLICIT_SEQ_CST = YES;
				CLANG_WARN_BLOCK_CAPTURE_AUTORELEASING = YES_ERROR;
				CLANG_WARN_BOOL_CONVERSION = YES_ERROR;
				CLANG_WARN_COMMA = YES_ERROR;
				CLANG_WARN_CONSTANT_CONVERSION = YES_ERROR;
				CLANG_WARN_CXX0X_EXTENSIONS = YES;
				CLANG_WARN_DELETE_NON_VIRTUAL_DTOR = YES_ERROR;
				CLANG_WARN_DEPRECATED_OBJC_IMPLEMENTATIONS = YES;
				CLANG_WARN_DIRECT_OBJC_ISA_USAGE = YES_ERROR;
				CLANG_WARN_DOCUMENTATION_COMMENTS = YES;
				CLANG_WARN_EMPTY_BODY = YES;
				CLANG_WARN_ENUM_CONVERSION = YES_ERROR;
				CLANG_WARN_FLOAT_CONVERSION = YES_ERROR;
				CLANG_WARN_FRAMEWORK_INCLUDE_PRIVATE_FROM_PUBLIC = YES;
				CLANG_WARN_IMPLICIT_SIGN_CONVERSION = YES_ERROR;
				CLANG_WARN_INFINITE_RECURSION = YES;
				CLANG_WARN_INT_CONVERSION = YES_ERROR;
				CLANG_WARN_MISSING_NOESCAPE = YES_ERROR;
				CLANG_WARN_NON_LITERAL_NULL_CONVERSION = YES_ERROR;
				CLANG_WARN_OBJC_EXPLICIT_OWNERSHIP_TYPE = YES;
				CLANG_WARN_OBJC_IMPLICIT_ATOMIC_PROPERTIES = YES;
				CLANG_WARN_OBJC_IMPLICIT_RETAIN_SELF = YES;
				CLANG_WARN_OBJC_INTERFACE_IVARS = YES_ERROR;
				CLANG_WARN_OBJC_LITERAL_CONVERSION = YES_ERROR;
				CLANG_WARN_OBJC_MISSING_PROPERTY_SYNTHESIS = YES;
				CLANG_WARN_OBJC_REPEATED_USE_OF_WEAK = YES_AGGRESSIVE;
				CLANG_WARN_OBJC_ROOT_CLASS = YES_ERROR;
				CLANG_WARN_PRAGMA_PACK = YES_ERROR;
				CLANG_WARN_QUOTED_INCLUDE_IN_FRAMEWORK_HEADER = YES_ERROR;
				CLANG_WARN_RANGE_LOOP_ANALYSIS = YES;
				CLANG_WARN_SEMICOLON_BEFORE_METHOD_BODY = YES;
				CLANG_WARN_STRICT_PROTOTYPES = YES_ERROR;
				CLANG_WARN_SUSPICIOUS_IMPLICIT_CONVERSION = YES_ERROR;
				CLANG_WARN_SUSPICIOUS_MOVE = YES;
				CLANG_WARN_UNGUARDED_AVAILABILITY = YES_AGGRESSIVE;
				CLANG_WARN_UNREACHABLE_CODE = YES_AGGRESSIVE;
				CLANG_WARN_VEXING_PARSE = YES_ERROR;
				CLANG_WARN__DUPLICATE_METHOD_MATCH = YES;
				CLANG_WARN__EXIT_TIME_DESTRUCTORS = YES;
				COPY_PHASE_STRIP = NO;
				CURRENT_PROJECT_VERSION = 1;
				DEBUG_INFORMATION_FORMAT = dwarf;
				ENABLE_STRICT_OBJC_MSGSEND = YES;
				ENABLE_TESTABILITY = YES;
				FRAMEWORK_SEARCH_PATHS = "$(inherited)";
				GCC_C_LANGUAGE_STANDARD = gnu11;
				GCC_NO_COMMON_BLOCKS = YES;
				GCC_OPTIMIZATION_LEVEL = 0;
				GCC_PREPROCESSOR_DEFINITIONS = (
					"DEBUG=1",
					"$(inherited)",
				);
				GCC_TREAT_IMPLICIT_FUNCTION_DECLARATIONS_AS_ERRORS = YES;
				GCC_TREAT_INCOMPATIBLE_POINTER_TYPE_WARNINGS_AS_ERRORS = YES;
				GCC_WARN_64_TO_32_BIT_CONVERSION = YES_ERROR;
				GCC_WARN_ABOUT_MISSING_FIELD_INITIALIZERS = YES;
				GCC_WARN_ABOUT_MISSING_NEWLINE = YES;
				GCC_WARN_ABOUT_MISSING_PROTOTYPES = YES;
				GCC_WARN_ABOUT_RETURN_TYPE = YES_ERROR;
				GCC_WARN_FOUR_CHARACTER_CONSTANTS = YES;
				GCC_WARN_HIDDEN_VIRTUAL_FUNCTIONS = YES;
				GCC_WARN_INITIALIZER_NOT_FULLY_BRACKETED = YES;
				GCC_WARN_NON_VIRTUAL_DESTRUCTOR = YES;
				GCC_WARN_SHADOW = YES;
				GCC_WARN_SIGN_COMPARE = YES;
				GCC_WARN_STRICT_SELECTOR_MATCH = YES;
				GCC_WARN_UNDECLARED_SELECTOR = YES;
				GCC_WARN_UNINITIALIZED_AUTOS = YES_AGGRESSIVE;
				GCC_WARN_UNKNOWN_PRAGMAS = YES;
				GCC_WARN_UNUSED_FUNCTION = YES;
				GCC_WARN_UNUSED_LABEL = YES;
				GCC_WARN_UNUSED_PARAMETER = YES;
				GCC_WARN_UNUSED_VARIABLE = YES;
				IPHONEOS_DEPLOYMENT_TARGET = 15.1;
				LOCALIZED_STRING_MACRO_NAMES = (
					NSLocalizedString,
					CFLocalizedString,
					LocalizedString,
				);
				MTL_ENABLE_DEBUG_INFO = INCLUDE_SOURCE;
				MTL_FAST_MATH = YES;
				ONLY_ACTIVE_ARCH = YES;
				SDKROOT = iphoneos;
				SWIFT_ACTIVE_COMPILATION_CONDITIONS = DEBUG;
				SWIFT_OPTIMIZATION_LEVEL = "-Onone";
				SWIFT_VERSION = 5.0;
				VERSIONING_SYSTEM = "apple-generic";
				VERSION_INFO_PREFIX = "";
				WARNING_CFLAGS = "-Wall";
			};
			name = Debug;
		};
		A936A8AB25BC98DA0085119C /* Release */ = {
			isa = XCBuildConfiguration;
			buildSettings = {
				ALWAYS_SEARCH_USER_PATHS = NO;
				CLANG_ANALYZER_GCD_PERFORMANCE = YES;
				CLANG_ANALYZER_LOCALIZABILITY_EMPTY_CONTEXT = YES;
				CLANG_ANALYZER_LOCALIZABILITY_NONLOCALIZED = YES;
				CLANG_ANALYZER_NONNULL = YES;
				CLANG_ANALYZER_NUMBER_OBJECT_CONVERSION = YES_AGGRESSIVE;
				CLANG_ANALYZER_SECURITY_FLOATLOOPCOUNTER = YES;
				CLANG_ANALYZER_SECURITY_INSECUREAPI_RAND = YES;
				CLANG_ANALYZER_SECURITY_INSECUREAPI_STRCPY = YES;
				CLANG_CXX_LANGUAGE_STANDARD = "gnu++17";
				CLANG_CXX_LIBRARY = "libc++";
				CLANG_ENABLE_MODULES = YES;
				CLANG_ENABLE_OBJC_ARC = YES;
				CLANG_ENABLE_OBJC_WEAK = YES;
				CLANG_WARN_ASSIGN_ENUM = YES;
				CLANG_WARN_ATOMIC_IMPLICIT_SEQ_CST = YES;
				CLANG_WARN_BLOCK_CAPTURE_AUTORELEASING = YES_ERROR;
				CLANG_WARN_BOOL_CONVERSION = YES_ERROR;
				CLANG_WARN_COMMA = YES_ERROR;
				CLANG_WARN_CONSTANT_CONVERSION = YES_ERROR;
				CLANG_WARN_CXX0X_EXTENSIONS = YES;
				CLANG_WARN_DELETE_NON_VIRTUAL_DTOR = YES_ERROR;
				CLANG_WARN_DEPRECATED_OBJC_IMPLEMENTATIONS = YES;
				CLANG_WARN_DIRECT_OBJC_ISA_USAGE = YES_ERROR;
				CLANG_WARN_DOCUMENTATION_COMMENTS = YES;
				CLANG_WARN_EMPTY_BODY = YES;
				CLANG_WARN_ENUM_CONVERSION = YES_ERROR;
				CLANG_WARN_FLOAT_CONVERSION = YES_ERROR;
				CLANG_WARN_FRAMEWORK_INCLUDE_PRIVATE_FROM_PUBLIC = YES;
				CLANG_WARN_IMPLICIT_SIGN_CONVERSION = YES_ERROR;
				CLANG_WARN_INFINITE_RECURSION = YES;
				CLANG_WARN_INT_CONVERSION = YES_ERROR;
				CLANG_WARN_MISSING_NOESCAPE = YES_ERROR;
				CLANG_WARN_NON_LITERAL_NULL_CONVERSION = YES_ERROR;
				CLANG_WARN_OBJC_EXPLICIT_OWNERSHIP_TYPE = YES;
				CLANG_WARN_OBJC_IMPLICIT_ATOMIC_PROPERTIES = YES;
				CLANG_WARN_OBJC_IMPLICIT_RETAIN_SELF = YES;
				CLANG_WARN_OBJC_INTERFACE_IVARS = YES_ERROR;
				CLANG_WARN_OBJC_LITERAL_CONVERSION = YES_ERROR;
				CLANG_WARN_OBJC_MISSING_PROPERTY_SYNTHESIS = YES;
				CLANG_WARN_OBJC_REPEATED_USE_OF_WEAK = YES_AGGRESSIVE;
				CLANG_WARN_OBJC_ROOT_CLASS = YES_ERROR;
				CLANG_WARN_PRAGMA_PACK = YES_ERROR;
				CLANG_WARN_QUOTED_INCLUDE_IN_FRAMEWORK_HEADER = YES_ERROR;
				CLANG_WARN_RANGE_LOOP_ANALYSIS = YES;
				CLANG_WARN_SEMICOLON_BEFORE_METHOD_BODY = YES;
				CLANG_WARN_STRICT_PROTOTYPES = YES_ERROR;
				CLANG_WARN_SUSPICIOUS_IMPLICIT_CONVERSION = YES_ERROR;
				CLANG_WARN_SUSPICIOUS_MOVE = YES;
				CLANG_WARN_UNGUARDED_AVAILABILITY = YES_AGGRESSIVE;
				CLANG_WARN_UNREACHABLE_CODE = YES_AGGRESSIVE;
				CLANG_WARN_VEXING_PARSE = YES_ERROR;
				CLANG_WARN__DUPLICATE_METHOD_MATCH = YES;
				CLANG_WARN__EXIT_TIME_DESTRUCTORS = YES;
				COPY_PHASE_STRIP = NO;
				CURRENT_PROJECT_VERSION = 1;
				ENABLE_NS_ASSERTIONS = NO;
				ENABLE_STRICT_OBJC_MSGSEND = YES;
				FRAMEWORK_SEARCH_PATHS = "$(inherited)";
				GCC_C_LANGUAGE_STANDARD = gnu11;
				GCC_NO_COMMON_BLOCKS = YES;
				GCC_TREAT_IMPLICIT_FUNCTION_DECLARATIONS_AS_ERRORS = YES;
				GCC_TREAT_INCOMPATIBLE_POINTER_TYPE_WARNINGS_AS_ERRORS = YES;
				GCC_WARN_64_TO_32_BIT_CONVERSION = YES_ERROR;
				GCC_WARN_ABOUT_MISSING_FIELD_INITIALIZERS = YES;
				GCC_WARN_ABOUT_MISSING_NEWLINE = YES;
				GCC_WARN_ABOUT_MISSING_PROTOTYPES = YES;
				GCC_WARN_ABOUT_RETURN_TYPE = YES_ERROR;
				GCC_WARN_FOUR_CHARACTER_CONSTANTS = YES;
				GCC_WARN_HIDDEN_VIRTUAL_FUNCTIONS = YES;
				GCC_WARN_INITIALIZER_NOT_FULLY_BRACKETED = YES;
				GCC_WARN_NON_VIRTUAL_DESTRUCTOR = YES;
				GCC_WARN_SHADOW = YES;
				GCC_WARN_SIGN_COMPARE = YES;
				GCC_WARN_STRICT_SELECTOR_MATCH = YES;
				GCC_WARN_UNDECLARED_SELECTOR = YES;
				GCC_WARN_UNINITIALIZED_AUTOS = YES_AGGRESSIVE;
				GCC_WARN_UNKNOWN_PRAGMAS = YES;
				GCC_WARN_UNUSED_FUNCTION = YES;
				GCC_WARN_UNUSED_LABEL = YES;
				GCC_WARN_UNUSED_PARAMETER = YES;
				GCC_WARN_UNUSED_VARIABLE = YES;
				IPHONEOS_DEPLOYMENT_TARGET = 15.1;
				LOCALIZED_STRING_MACRO_NAMES = (
					NSLocalizedString,
					CFLocalizedString,
					LocalizedString,
				);
				MTL_ENABLE_DEBUG_INFO = NO;
				MTL_FAST_MATH = YES;
				SDKROOT = iphoneos;
				SWIFT_COMPILATION_MODE = wholemodule;
				SWIFT_OPTIMIZATION_LEVEL = "-O";
				SWIFT_VERSION = 5.0;
				VALIDATE_PRODUCT = YES;
				VERSIONING_SYSTEM = "apple-generic";
				VERSION_INFO_PREFIX = "";
				WARNING_CFLAGS = "-Wall";
			};
			name = Release;
		};
		A936A8CB25BC99240085119C /* Debug */ = {
			isa = XCBuildConfiguration;
			buildSettings = {
				APPLICATION_EXTENSION_API_ONLY = YES;
				CODE_SIGN_IDENTITY = "";
				CODE_SIGN_STYLE = Automatic;
				DEFINES_MODULE = YES;
				DEVELOPMENT_TEAM = "";
				DYLIB_COMPATIBILITY_VERSION = 1;
				DYLIB_CURRENT_VERSION = 1;
				DYLIB_INSTALL_NAME_BASE = "@rpath";
				FRAMEWORK_SEARCH_PATHS = "$(inherited)";
				INFOPLIST_FILE = LoopOnboardingKit/Info.plist;
				INSTALL_PATH = "$(LOCAL_LIBRARY_DIR)/Frameworks";
				LD_RUNPATH_SEARCH_PATHS = (
					"$(inherited)",
					"@executable_path/Frameworks",
					"@loader_path/Frameworks",
				);
				PRODUCT_BUNDLE_IDENTIFIER = com.loopkit.LoopOnboardingKit;
				PRODUCT_NAME = "$(TARGET_NAME:c99extidentifier)";
				PROVISIONING_PROFILE_SPECIFIER = "";
				SKIP_INSTALL = YES;
				SUPPORTS_MACCATALYST = NO;
				TARGETED_DEVICE_FAMILY = "1,2";
			};
			name = Debug;
		};
		A936A8CC25BC99240085119C /* Release */ = {
			isa = XCBuildConfiguration;
			buildSettings = {
				APPLICATION_EXTENSION_API_ONLY = YES;
				CODE_SIGN_IDENTITY = "";
				CODE_SIGN_STYLE = Automatic;
				DEFINES_MODULE = YES;
				DEVELOPMENT_TEAM = "";
				DYLIB_COMPATIBILITY_VERSION = 1;
				DYLIB_CURRENT_VERSION = 1;
				DYLIB_INSTALL_NAME_BASE = "@rpath";
				FRAMEWORK_SEARCH_PATHS = "$(inherited)";
				INFOPLIST_FILE = LoopOnboardingKit/Info.plist;
				INSTALL_PATH = "$(LOCAL_LIBRARY_DIR)/Frameworks";
				LD_RUNPATH_SEARCH_PATHS = (
					"$(inherited)",
					"@executable_path/Frameworks",
					"@loader_path/Frameworks",
				);
				PRODUCT_BUNDLE_IDENTIFIER = com.loopkit.LoopOnboardingKit;
				PRODUCT_NAME = "$(TARGET_NAME:c99extidentifier)";
				PROVISIONING_PROFILE_SPECIFIER = "";
				SKIP_INSTALL = YES;
				SUPPORTS_MACCATALYST = NO;
				TARGETED_DEVICE_FAMILY = "1,2";
			};
			name = Release;
		};
		A936A8E925BC99330085119C /* Debug */ = {
			isa = XCBuildConfiguration;
			buildSettings = {
				APPLICATION_EXTENSION_API_ONLY = YES;
				CODE_SIGN_IDENTITY = "";
				CODE_SIGN_STYLE = Automatic;
				DEFINES_MODULE = YES;
				DEVELOPMENT_TEAM = "";
				DYLIB_COMPATIBILITY_VERSION = 1;
				DYLIB_CURRENT_VERSION = 1;
				DYLIB_INSTALL_NAME_BASE = "@rpath";
				ENABLE_PREVIEWS = YES;
				INFOPLIST_FILE = LoopOnboardingKitUI/Info.plist;
				INSTALL_PATH = "$(LOCAL_LIBRARY_DIR)/Frameworks";
				LD_RUNPATH_SEARCH_PATHS = (
					"$(inherited)",
					"@executable_path/Frameworks",
					"@loader_path/Frameworks",
				);
				PRODUCT_BUNDLE_IDENTIFIER = com.loopkit.LoopOnboardingKitUI;
				PRODUCT_NAME = "$(TARGET_NAME:c99extidentifier)";
				PROVISIONING_PROFILE_SPECIFIER = "";
				SKIP_INSTALL = YES;
				SUPPORTS_MACCATALYST = NO;
				TARGETED_DEVICE_FAMILY = "1,2";
			};
			name = Debug;
		};
		A936A8EA25BC99330085119C /* Release */ = {
			isa = XCBuildConfiguration;
			buildSettings = {
				APPLICATION_EXTENSION_API_ONLY = YES;
				CODE_SIGN_IDENTITY = "";
				CODE_SIGN_STYLE = Automatic;
				DEFINES_MODULE = YES;
				DEVELOPMENT_TEAM = "";
				DYLIB_COMPATIBILITY_VERSION = 1;
				DYLIB_CURRENT_VERSION = 1;
				DYLIB_INSTALL_NAME_BASE = "@rpath";
				ENABLE_PREVIEWS = YES;
				INFOPLIST_FILE = LoopOnboardingKitUI/Info.plist;
				INSTALL_PATH = "$(LOCAL_LIBRARY_DIR)/Frameworks";
				LD_RUNPATH_SEARCH_PATHS = (
					"$(inherited)",
					"@executable_path/Frameworks",
					"@loader_path/Frameworks",
				);
				PRODUCT_BUNDLE_IDENTIFIER = com.loopkit.LoopOnboardingKitUI;
				PRODUCT_NAME = "$(TARGET_NAME:c99extidentifier)";
				PROVISIONING_PROFILE_SPECIFIER = "";
				SKIP_INSTALL = YES;
				SUPPORTS_MACCATALYST = NO;
				TARGETED_DEVICE_FAMILY = "1,2";
			};
			name = Release;
		};
		A936A8FD25BC99470085119C /* Debug */ = {
			isa = XCBuildConfiguration;
			buildSettings = {
				APPLICATION_EXTENSION_API_ONLY = YES;
				CODE_SIGN_IDENTITY = "";
				CODE_SIGN_STYLE = Automatic;
				DEVELOPMENT_TEAM = "";
				DYLIB_COMPATIBILITY_VERSION = 1;
				DYLIB_CURRENT_VERSION = 1;
				DYLIB_INSTALL_NAME_BASE = "@rpath";
				INFOPLIST_FILE = LoopOnboardingPlugin/Info.plist;
				INSTALL_PATH = "$(LOCAL_LIBRARY_DIR)/Frameworks";
				LD_RUNPATH_SEARCH_PATHS = (
					"$(inherited)",
					"@executable_path/Frameworks",
					"@loader_path/Frameworks",
				);
				PRODUCT_BUNDLE_IDENTIFIER = com.loopkit.LoopOnboardingPlugin;
				PRODUCT_NAME = "$(TARGET_NAME:c99extidentifier)";
				PROVISIONING_PROFILE_SPECIFIER = "";
				SKIP_INSTALL = YES;
				SUPPORTS_MACCATALYST = NO;
				TARGETED_DEVICE_FAMILY = "1,2";
				WRAPPER_EXTENSION = loopplugin;
			};
			name = Debug;
		};
		A936A8FE25BC99470085119C /* Release */ = {
			isa = XCBuildConfiguration;
			buildSettings = {
				APPLICATION_EXTENSION_API_ONLY = YES;
				CODE_SIGN_IDENTITY = "";
				CODE_SIGN_STYLE = Automatic;
				DEVELOPMENT_TEAM = "";
				DYLIB_COMPATIBILITY_VERSION = 1;
				DYLIB_CURRENT_VERSION = 1;
				DYLIB_INSTALL_NAME_BASE = "@rpath";
				INFOPLIST_FILE = LoopOnboardingPlugin/Info.plist;
				INSTALL_PATH = "$(LOCAL_LIBRARY_DIR)/Frameworks";
				LD_RUNPATH_SEARCH_PATHS = (
					"$(inherited)",
					"@executable_path/Frameworks",
					"@loader_path/Frameworks",
				);
				PRODUCT_BUNDLE_IDENTIFIER = com.loopkit.LoopOnboardingPlugin;
				PRODUCT_NAME = "$(TARGET_NAME:c99extidentifier)";
				PROVISIONING_PROFILE_SPECIFIER = "";
				SKIP_INSTALL = YES;
				SUPPORTS_MACCATALYST = NO;
				TARGETED_DEVICE_FAMILY = "1,2";
				WRAPPER_EXTENSION = loopplugin;
			};
			name = Release;
		};
/* End XCBuildConfiguration section */

/* Begin XCConfigurationList section */
		A936A89225BC98DA0085119C /* Build configuration list for PBXProject "LoopOnboarding" */ = {
			isa = XCConfigurationList;
			buildConfigurations = (
				A936A8AA25BC98DA0085119C /* Debug */,
				A936A8AB25BC98DA0085119C /* Release */,
			);
			defaultConfigurationIsVisible = 0;
			defaultConfigurationName = Release;
		};
		A936A8CA25BC99240085119C /* Build configuration list for PBXNativeTarget "LoopOnboardingKit" */ = {
			isa = XCConfigurationList;
			buildConfigurations = (
				A936A8CB25BC99240085119C /* Debug */,
				A936A8CC25BC99240085119C /* Release */,
			);
			defaultConfigurationIsVisible = 0;
			defaultConfigurationName = Release;
		};
		A936A8E825BC99330085119C /* Build configuration list for PBXNativeTarget "LoopOnboardingKitUI" */ = {
			isa = XCConfigurationList;
			buildConfigurations = (
				A936A8E925BC99330085119C /* Debug */,
				A936A8EA25BC99330085119C /* Release */,
			);
			defaultConfigurationIsVisible = 0;
			defaultConfigurationName = Release;
		};
		A936A8FC25BC99470085119C /* Build configuration list for PBXNativeTarget "LoopOnboardingPlugin" */ = {
			isa = XCConfigurationList;
			buildConfigurations = (
				A936A8FD25BC99470085119C /* Debug */,
				A936A8FE25BC99470085119C /* Release */,
			);
			defaultConfigurationIsVisible = 0;
			defaultConfigurationName = Release;
		};
/* End XCConfigurationList section */
	};
	rootObject = A936A88F25BC98DA0085119C /* Project object */;
}
